// !$*UTF8*$!
{
	archiveVersion = 1;
	classes = {
	};
	objectVersion = 46;
	objects = {

/* Begin PBXBuildFile section */
		0207DA581B56EA530066E2B4 /* Images.xcassets in Resources */ = {isa = PBXBuildFile; fileRef = 0207DA571B56EA530066E2B4 /* Images.xcassets */; };
		0B44906547EA4FD6A3BA84DB /* AVFoundation.framework in Frameworks */ = {isa = PBXBuildFile; fileRef = BFDC64F8F3E143ACB40F7DBD /* AVFoundation.framework */; };
		1204C9AC122248AAB39B6E71 /* ImageIO.framework in Frameworks */ = {isa = PBXBuildFile; fileRef = 01CDF95A76DA453FB17115F3 /* ImageIO.framework */; };
		12CFCE68233241AEBC9BFDC9 /* QuartzCore.framework in Frameworks */ = {isa = PBXBuildFile; fileRef = BE9C574C387842E6A6FEB1AC /* QuartzCore.framework */; };
		1A804093FDAD4C018C04A5BD /* CDVCamera.m in Sources */ = {isa = PBXBuildFile; fileRef = 702AD561F39348938B15704A /* CDVCamera.m */; };
		1D3623260D0F684500981E51 /* AppDelegate.m in Sources */ = {isa = PBXBuildFile; fileRef = 1D3623250D0F684500981E51 /* AppDelegate.m */; };
		1D60589B0D05DD56006BFB54 /* main.m in Sources */ = {isa = PBXBuildFile; fileRef = 29B97316FDCFA39411CA2CEA /* main.m */; };
		203473EB44464853A6481B18 /* libz.dylib in Frameworks */ = {isa = PBXBuildFile; fileRef = 67A472318E9A4708ADC69EF7 /* libz.dylib */; };
		301BF552109A68D80062928A /* libCordova.a in Frameworks */ = {isa = PBXBuildFile; fileRef = 301BF535109A57CC0062928A /* libCordova.a */; };
		302D95F114D2391D003F00A1 /* MainViewController.m in Sources */ = {isa = PBXBuildFile; fileRef = 302D95EF14D2391D003F00A1 /* MainViewController.m */; };
		302D95F214D2391D003F00A1 /* MainViewController.xib in Resources */ = {isa = PBXBuildFile; fileRef = 302D95F014D2391D003F00A1 /* MainViewController.xib */; };
		312C9345A1334050A7E31ABE /* CoreTelephony.framework in Frameworks */ = {isa = PBXBuildFile; fileRef = 59276D50D7A046D2BAD9B422 /* CoreTelephony.framework */; };
		3A24D466F09743A18C632797 /* CDVJpegHeaderWriter.m in Sources */ = {isa = PBXBuildFile; fileRef = C15B086938394942B2B6376E /* CDVJpegHeaderWriter.m */; };
		3EBC0FC6742149DD945EDEAB /* CDVReachability.m in Sources */ = {isa = PBXBuildFile; fileRef = 4E4C069A8BEC4F1797349A82 /* CDVReachability.m */; };
		3FDD262BB76F400DA1AB5A2B /* CoreVideo.framework in Frameworks */ = {isa = PBXBuildFile; fileRef = CA863CDFF12044458FD0D562 /* CoreVideo.framework */; };
		46EB681B8FFF458C8910A599 /* SystemConfiguration.framework in Frameworks */ = {isa = PBXBuildFile; fileRef = 52FD8169A081437FB4CD2B56 /* SystemConfiguration.framework */; };
		590F46673F9843859D4E4ADB /* Accelerate.framework in Frameworks */ = {isa = PBXBuildFile; fileRef = C98F4BBEFDB74B9A902316A9 /* Accelerate.framework */; };
		5A87B78E70D44100BB77F041 /* CDVLogger.m in Sources */ = {isa = PBXBuildFile; fileRef = 2B1D0AD3F3F540D7B57F1ECA /* CDVLogger.m */; };
		6AFF5BF91D6E424B00AB3073 /* CDVLaunchScreen.storyboard in Resources */ = {isa = PBXBuildFile; fileRef = 6AFF5BF81D6E424B00AB3073 /* CDVLaunchScreen.storyboard */; };
		6CB41E4062A24354819E47B7 /* CoreLocation.framework in Frameworks */ = {isa = PBXBuildFile; fileRef = A6373F5DEB5E4835B274E29C /* CoreLocation.framework */; };
		733936490D14487192410F54 /* AcuantMobileSDK.m in Sources */ = {isa = PBXBuildFile; fileRef = 8DFDB573FDE74FBB8FCCEDBD /* AcuantMobileSDK.m */; };
		86FF3560F56347BF82C99539 /* UIImage+CropScaleOrientation.m in Sources */ = {isa = PBXBuildFile; fileRef = BA3C292DC1604474AE0215BF /* UIImage+CropScaleOrientation.m */; };
		8E0545B58B27410583784D92 /* CoreText.framework in Frameworks */ = {isa = PBXBuildFile; fileRef = 6061039FF7324E4A8647280A /* CoreText.framework */; };
		978C4E29DD204EBEAA15D261 /* CoreMedia.framework in Frameworks */ = {isa = PBXBuildFile; fileRef = 0D168D90AD9A402AB7A6C0CE /* CoreMedia.framework */; };
		9F0F923D402E4F78A1F9C388 /* AudioToolbox.framework in Frameworks */ = {isa = PBXBuildFile; fileRef = F3F858720FB3462D85C38C66 /* AudioToolbox.framework */; };
		B91867F40CEF4C70B03CCA97 /* libiconv.dylib in Frameworks */ = {isa = PBXBuildFile; fileRef = 229E064A132A4E06BB266CDF /* libiconv.dylib */; };
		CE4A1337F1C245CEA2968C04 /* CoreMotion.framework in Frameworks */ = {isa = PBXBuildFile; fileRef = 0908BD8751CF40048808F97B /* CoreMotion.framework */; };
		D118A8B264184A979D11D918 /* CDVNotification.bundle in Resources */ = {isa = PBXBuildFile; fileRef = A852F1D447AB4376823E250C /* CDVNotification.bundle */; };
		D580D2B2BE324ECB8021126F /* CDVConnection.m in Sources */ = {isa = PBXBuildFile; fileRef = 2CBFE645BE714563A4801480 /* CDVConnection.m */; };
		D676B76217C647539E0F2EC1 /* CDVNotification.m in Sources */ = {isa = PBXBuildFile; fileRef = 5510AD6AAAA44F908775AD3D /* CDVNotification.m */; };
		E2EF64AE21E24866B8D55EAC /* AcuantMobileSDK.framework in Frameworks */ = {isa = PBXBuildFile; fileRef = 0D967431BDA94F61A88459DB /* AcuantMobileSDK.framework */; };
		EC77F05422D24538B0916EE5 /* libc++.dylib in Frameworks */ = {isa = PBXBuildFile; fileRef = 6E14D351FD1441E19B809B60 /* libc++.dylib */; };
/* End PBXBuildFile section */

/* Begin PBXContainerItemProxy section */
		135E85211ECF955A00A26396 /* PBXContainerItemProxy */ = {
			isa = PBXContainerItemProxy;
			containerPortal = 301BF52D109A57CC0062928A /* CordovaLib/CordovaLib.xcodeproj */;
			proxyType = 2;
			remoteGlobalIDString = C0C01EB21E3911D50056E6CB;
			remoteInfo = Cordova;
		};
		301BF534109A57CC0062928A /* PBXContainerItemProxy */ = {
			isa = PBXContainerItemProxy;
			containerPortal = 301BF52D109A57CC0062928A /* CordovaLib/CordovaLib.xcodeproj */;
			proxyType = 2;
			remoteGlobalIDString = D2AAC07E0554694100DB518D;
			remoteInfo = CordovaLib;
		};
		301BF550109A68C00062928A /* PBXContainerItemProxy */ = {
			isa = PBXContainerItemProxy;
			containerPortal = 301BF52D109A57CC0062928A /* CordovaLib/CordovaLib.xcodeproj */;
			proxyType = 1;
			remoteGlobalIDString = D2AAC07D0554694100DB518D;
			remoteInfo = CordovaLib;
		};
/* End PBXContainerItemProxy section */

/* Begin PBXFileReference section */
		01CDF95A76DA453FB17115F3 /* ImageIO.framework */ = {isa = PBXFileReference; explicitFileType = undefined; fileEncoding = 9; includeInIndex = 0; lastKnownFileType = wrapper.framework; name = ImageIO.framework; path = System/Library/Frameworks/ImageIO.framework; sourceTree = SDKROOT; };
		0207DA571B56EA530066E2B4 /* Images.xcassets */ = {isa = PBXFileReference; lastKnownFileType = folder.assetcatalog; name = Images.xcassets; path = AcuantHybridSampleSDK/Images.xcassets; sourceTree = SOURCE_ROOT; };
		089D792CDC1544A2A209D79C /* CDVLogger.h */ = {isa = PBXFileReference; explicitFileType = undefined; fileEncoding = 4; includeInIndex = 0; lastKnownFileType = sourcecode.c.h; name = CDVLogger.h; path = "cordova-plugin-console/CDVLogger.h"; sourceTree = "<group>"; };
		0908BD8751CF40048808F97B /* CoreMotion.framework */ = {isa = PBXFileReference; explicitFileType = undefined; fileEncoding = 9; includeInIndex = 0; lastKnownFileType = wrapper.framework; name = CoreMotion.framework; path = System/Library/Frameworks/CoreMotion.framework; sourceTree = SDKROOT; };
		0D168D90AD9A402AB7A6C0CE /* CoreMedia.framework */ = {isa = PBXFileReference; explicitFileType = undefined; fileEncoding = 9; includeInIndex = 0; lastKnownFileType = wrapper.framework; name = CoreMedia.framework; path = System/Library/Frameworks/CoreMedia.framework; sourceTree = SDKROOT; };
		0D967431BDA94F61A88459DB /* AcuantMobileSDK.framework */ = {isa = PBXFileReference; explicitFileType = undefined; fileEncoding = 9; includeInIndex = 0; lastKnownFileType = wrapper.framework; name = AcuantMobileSDK.framework; path = AcuantHybridSampleSDK/Plugins/com.acuant.plugin.AcuantMobileSDK/AcuantMobileSDK.framework; sourceTree = "<group>"; };
		1170FA9E1D7C4F58B7FB3520 /* CDVCamera.h */ = {isa = PBXFileReference; explicitFileType = undefined; fileEncoding = 4; includeInIndex = 0; lastKnownFileType = sourcecode.c.h; name = CDVCamera.h; path = "cordova-plugin-camera/CDVCamera.h"; sourceTree = "<group>"; };
		1D3623240D0F684500981E51 /* AppDelegate.h */ = {isa = PBXFileReference; fileEncoding = 4; lastKnownFileType = sourcecode.c.h; path = AppDelegate.h; sourceTree = "<group>"; };
		1D3623250D0F684500981E51 /* AppDelegate.m */ = {isa = PBXFileReference; fileEncoding = 4; lastKnownFileType = sourcecode.c.objc; path = AppDelegate.m; sourceTree = "<group>"; };
		1D6058910D05DD3D006BFB54 /* AcuantHybridSampleSDK.app */ = {isa = PBXFileReference; explicitFileType = wrapper.application; includeInIndex = 0; path = AcuantHybridSampleSDK.app; sourceTree = BUILT_PRODUCTS_DIR; };
		229E064A132A4E06BB266CDF /* libiconv.dylib */ = {isa = PBXFileReference; explicitFileType = undefined; fileEncoding = 9; includeInIndex = 0; lastKnownFileType = "compiled.mach-o.dylib"; name = libiconv.dylib; path = usr/lib/libiconv.dylib; sourceTree = SDKROOT; };
		29B97316FDCFA39411CA2CEA /* main.m */ = {isa = PBXFileReference; fileEncoding = 4; lastKnownFileType = sourcecode.c.objc; path = main.m; sourceTree = "<group>"; };
		2B1D0AD3F3F540D7B57F1ECA /* CDVLogger.m */ = {isa = PBXFileReference; explicitFileType = undefined; fileEncoding = 4; includeInIndex = 0; lastKnownFileType = sourcecode.c.objc; name = CDVLogger.m; path = "cordova-plugin-console/CDVLogger.m"; sourceTree = "<group>"; };
		2CBFE645BE714563A4801480 /* CDVConnection.m */ = {isa = PBXFileReference; explicitFileType = undefined; fileEncoding = 4; includeInIndex = 0; lastKnownFileType = sourcecode.c.objc; name = CDVConnection.m; path = "cordova-plugin-network-information/CDVConnection.m"; sourceTree = "<group>"; };
		301BF52D109A57CC0062928A /* CordovaLib/CordovaLib.xcodeproj */ = {isa = PBXFileReference; lastKnownFileType = "wrapper.pb-project"; path = CordovaLib/CordovaLib.xcodeproj; sourceTree = "<group>"; };
		301BF56E109A69640062928A /* www */ = {isa = PBXFileReference; lastKnownFileType = folder; path = www; sourceTree = SOURCE_ROOT; };
		302D95EE14D2391D003F00A1 /* MainViewController.h */ = {isa = PBXFileReference; fileEncoding = 4; lastKnownFileType = sourcecode.c.h; path = MainViewController.h; sourceTree = "<group>"; };
		302D95EF14D2391D003F00A1 /* MainViewController.m */ = {isa = PBXFileReference; fileEncoding = 4; lastKnownFileType = sourcecode.c.objc; path = MainViewController.m; sourceTree = "<group>"; };
		302D95F014D2391D003F00A1 /* MainViewController.xib */ = {isa = PBXFileReference; fileEncoding = 4; lastKnownFileType = file.xib; path = MainViewController.xib; sourceTree = "<group>"; };
		3047A50F1AB8059700498E2A /* build-debug.xcconfig */ = {isa = PBXFileReference; fileEncoding = 4; lastKnownFileType = text.xcconfig; name = "build-debug.xcconfig"; path = "cordova/build-debug.xcconfig"; sourceTree = SOURCE_ROOT; };
		3047A5101AB8059700498E2A /* build-release.xcconfig */ = {isa = PBXFileReference; fileEncoding = 4; lastKnownFileType = text.xcconfig; name = "build-release.xcconfig"; path = "cordova/build-release.xcconfig"; sourceTree = SOURCE_ROOT; };
		3047A5111AB8059700498E2A /* build.xcconfig */ = {isa = PBXFileReference; fileEncoding = 4; lastKnownFileType = text.xcconfig; name = build.xcconfig; path = cordova/build.xcconfig; sourceTree = SOURCE_ROOT; };
		32CA4F630368D1EE00C91783 /* AcuantHybridSampleSDK-Prefix.pch */ = {isa = PBXFileReference; fileEncoding = 4; lastKnownFileType = sourcecode.c.h; path = "AcuantHybridSampleSDK-Prefix.pch"; sourceTree = "<group>"; };
		36E8F56CAE264F90B79F5052 /* UIImage+CropScaleOrientation.h */ = {isa = PBXFileReference; explicitFileType = undefined; fileEncoding = 4; includeInIndex = 0; lastKnownFileType = sourcecode.c.h; name = "UIImage+CropScaleOrientation.h"; path = "cordova-plugin-camera/UIImage+CropScaleOrientation.h"; sourceTree = "<group>"; };
		3C8A03DC9F9947EC96F8ADB2 /* CDVExif.h */ = {isa = PBXFileReference; explicitFileType = undefined; fileEncoding = 4; includeInIndex = 0; lastKnownFileType = sourcecode.c.h; name = CDVExif.h; path = "cordova-plugin-camera/CDVExif.h"; sourceTree = "<group>"; };
		4ACEA3B67D8F4C03AA959897 /* CDVNotification.h */ = {isa = PBXFileReference; explicitFileType = undefined; fileEncoding = 4; includeInIndex = 0; lastKnownFileType = sourcecode.c.h; name = CDVNotification.h; path = "cordova-plugin-dialogs/CDVNotification.h"; sourceTree = "<group>"; };
		4E4C069A8BEC4F1797349A82 /* CDVReachability.m */ = {isa = PBXFileReference; explicitFileType = undefined; fileEncoding = 4; includeInIndex = 0; lastKnownFileType = sourcecode.c.objc; name = CDVReachability.m; path = "cordova-plugin-network-information/CDVReachability.m"; sourceTree = "<group>"; };
		52FD8169A081437FB4CD2B56 /* SystemConfiguration.framework */ = {isa = PBXFileReference; explicitFileType = undefined; fileEncoding = 9; includeInIndex = 0; lastKnownFileType = wrapper.framework; name = SystemConfiguration.framework; path = System/Library/Frameworks/SystemConfiguration.framework; sourceTree = SDKROOT; };
		5510AD6AAAA44F908775AD3D /* CDVNotification.m */ = {isa = PBXFileReference; explicitFileType = undefined; fileEncoding = 4; includeInIndex = 0; lastKnownFileType = sourcecode.c.objc; name = CDVNotification.m; path = "cordova-plugin-dialogs/CDVNotification.m"; sourceTree = "<group>"; };
		59276D50D7A046D2BAD9B422 /* CoreTelephony.framework */ = {isa = PBXFileReference; explicitFileType = undefined; fileEncoding = 9; includeInIndex = 0; lastKnownFileType = wrapper.framework; name = CoreTelephony.framework; path = System/Library/Frameworks/CoreTelephony.framework; sourceTree = SDKROOT; };
		6061039FF7324E4A8647280A /* CoreText.framework */ = {isa = PBXFileReference; explicitFileType = undefined; fileEncoding = 9; includeInIndex = 0; lastKnownFileType = wrapper.framework; name = CoreText.framework; path = System/Library/Frameworks/CoreText.framework; sourceTree = SDKROOT; };
		67A472318E9A4708ADC69EF7 /* libz.dylib */ = {isa = PBXFileReference; explicitFileType = undefined; fileEncoding = 9; includeInIndex = 0; lastKnownFileType = "compiled.mach-o.dylib"; name = libz.dylib; path = usr/lib/libz.dylib; sourceTree = SDKROOT; };
		67DF617D3A0A4B018A1FB1B1 /* CDVConnection.h */ = {isa = PBXFileReference; explicitFileType = undefined; fileEncoding = 4; includeInIndex = 0; lastKnownFileType = sourcecode.c.h; name = CDVConnection.h; path = "cordova-plugin-network-information/CDVConnection.h"; sourceTree = "<group>"; };
		6AFF5BF81D6E424B00AB3073 /* CDVLaunchScreen.storyboard */ = {isa = PBXFileReference; fileEncoding = 4; lastKnownFileType = file.storyboard; name = CDVLaunchScreen.storyboard; path = AcuantHybridSampleSDK/CDVLaunchScreen.storyboard; sourceTree = SOURCE_ROOT; };
		6E14D351FD1441E19B809B60 /* libc++.dylib */ = {isa = PBXFileReference; explicitFileType = undefined; fileEncoding = 9; includeInIndex = 0; lastKnownFileType = "compiled.mach-o.dylib"; name = "libc++.dylib"; path = "usr/lib/libc++.dylib"; sourceTree = SDKROOT; };
		702AD561F39348938B15704A /* CDVCamera.m */ = {isa = PBXFileReference; explicitFileType = undefined; fileEncoding = 4; includeInIndex = 0; lastKnownFileType = sourcecode.c.objc; name = CDVCamera.m; path = "cordova-plugin-camera/CDVCamera.m"; sourceTree = "<group>"; };
		8A50696AD6BC4245B2BE5830 /* CDVReachability.h */ = {isa = PBXFileReference; explicitFileType = undefined; fileEncoding = 4; includeInIndex = 0; lastKnownFileType = sourcecode.c.h; name = CDVReachability.h; path = "cordova-plugin-network-information/CDVReachability.h"; sourceTree = "<group>"; };
		8D1107310486CEB800E47090 /* AcuantHybridSampleSDK-Info.plist */ = {isa = PBXFileReference; fileEncoding = 4; lastKnownFileType = text.plist.xml; name = "AcuantHybridSampleSDK-Info.plist"; path = "AcuantHybridSampleSDK/AcuantHybridSampleSDK-Info.plist"; plistStructureDefinitionIdentifier = "com.apple.xcode.plist.structure-definition.iphone.info-plist"; sourceTree = SOURCE_ROOT; };
		8DFDB573FDE74FBB8FCCEDBD /* AcuantMobileSDK.m */ = {isa = PBXFileReference; explicitFileType = undefined; fileEncoding = 4; includeInIndex = 0; lastKnownFileType = sourcecode.c.objc; name = AcuantMobileSDK.m; path = com.acuant.plugin.AcuantMobileSDK/AcuantMobileSDK.m; sourceTree = "<group>"; };
		A6373F5DEB5E4835B274E29C /* CoreLocation.framework */ = {isa = PBXFileReference; explicitFileType = undefined; fileEncoding = 9; includeInIndex = 0; lastKnownFileType = wrapper.framework; name = CoreLocation.framework; path = System/Library/Frameworks/CoreLocation.framework; sourceTree = SDKROOT; };
		A852F1D447AB4376823E250C /* CDVNotification.bundle */ = {isa = PBXFileReference; explicitFileType = undefined; fileEncoding = 9; includeInIndex = 0; lastKnownFileType = "wrapper.plug-in"; path = CDVNotification.bundle; sourceTree = "<group>"; };
		BA3C292DC1604474AE0215BF /* UIImage+CropScaleOrientation.m */ = {isa = PBXFileReference; explicitFileType = undefined; fileEncoding = 4; includeInIndex = 0; lastKnownFileType = sourcecode.c.objc; name = "UIImage+CropScaleOrientation.m"; path = "cordova-plugin-camera/UIImage+CropScaleOrientation.m"; sourceTree = "<group>"; };
		BE9C574C387842E6A6FEB1AC /* QuartzCore.framework */ = {isa = PBXFileReference; explicitFileType = undefined; fileEncoding = 9; includeInIndex = 0; lastKnownFileType = wrapper.framework; name = QuartzCore.framework; path = System/Library/Frameworks/QuartzCore.framework; sourceTree = SDKROOT; };
		BFDC64F8F3E143ACB40F7DBD /* AVFoundation.framework */ = {isa = PBXFileReference; explicitFileType = undefined; fileEncoding = 9; includeInIndex = 0; lastKnownFileType = wrapper.framework; name = AVFoundation.framework; path = System/Library/Frameworks/AVFoundation.framework; sourceTree = SDKROOT; };
		C15B086938394942B2B6376E /* CDVJpegHeaderWriter.m */ = {isa = PBXFileReference; explicitFileType = undefined; fileEncoding = 4; includeInIndex = 0; lastKnownFileType = sourcecode.c.objc; name = CDVJpegHeaderWriter.m; path = "cordova-plugin-camera/CDVJpegHeaderWriter.m"; sourceTree = "<group>"; };
		C779ECD5B5754577847785FF /* CDVJpegHeaderWriter.h */ = {isa = PBXFileReference; explicitFileType = undefined; fileEncoding = 4; includeInIndex = 0; lastKnownFileType = sourcecode.c.h; name = CDVJpegHeaderWriter.h; path = "cordova-plugin-camera/CDVJpegHeaderWriter.h"; sourceTree = "<group>"; };
		C98F4BBEFDB74B9A902316A9 /* Accelerate.framework */ = {isa = PBXFileReference; explicitFileType = undefined; fileEncoding = 9; includeInIndex = 0; lastKnownFileType = wrapper.framework; name = Accelerate.framework; path = System/Library/Frameworks/Accelerate.framework; sourceTree = SDKROOT; };
		CA863CDFF12044458FD0D562 /* CoreVideo.framework */ = {isa = PBXFileReference; explicitFileType = undefined; fileEncoding = 9; includeInIndex = 0; lastKnownFileType = wrapper.framework; name = CoreVideo.framework; path = System/Library/Frameworks/CoreVideo.framework; sourceTree = SDKROOT; };
		EB87FDF31871DA8E0020F90C /* www */ = {isa = PBXFileReference; lastKnownFileType = folder; name = www; path = ../../www; sourceTree = "<group>"; };
		EB87FDF41871DAF40020F90C /* config.xml */ = {isa = PBXFileReference; lastKnownFileType = text.xml; name = config.xml; path = ../../config.xml; sourceTree = "<group>"; };
		ED33DF2A687741AEAF9F8254 /* Bridging-Header.h */ = {isa = PBXFileReference; fileEncoding = 4; lastKnownFileType = sourcecode.c.h; path = "Bridging-Header.h"; sourceTree = "<group>"; };
		F3F858720FB3462D85C38C66 /* AudioToolbox.framework */ = {isa = PBXFileReference; explicitFileType = undefined; fileEncoding = 9; includeInIndex = 0; lastKnownFileType = wrapper.framework; name = AudioToolbox.framework; path = System/Library/Frameworks/AudioToolbox.framework; sourceTree = SDKROOT; };
		F77DC0E82AEE4CA691F50E43 /* AcuantMobileSDK.h */ = {isa = PBXFileReference; explicitFileType = undefined; fileEncoding = 4; includeInIndex = 0; lastKnownFileType = sourcecode.c.h; name = AcuantMobileSDK.h; path = com.acuant.plugin.AcuantMobileSDK/AcuantMobileSDK.h; sourceTree = "<group>"; };
		F840E1F0165FE0F500CFE078 /* config.xml */ = {isa = PBXFileReference; lastKnownFileType = text.xml; name = config.xml; path = AcuantHybridSampleSDK/config.xml; sourceTree = "<group>"; };
/* End PBXFileReference section */

/* Begin PBXFrameworksBuildPhase section */
		1D60588F0D05DD3D006BFB54 /* Frameworks */ = {
			isa = PBXFrameworksBuildPhase;
			buildActionMask = 2147483647;
			files = (
				301BF552109A68D80062928A /* libCordova.a in Frameworks */,
				E2EF64AE21E24866B8D55EAC /* AcuantMobileSDK.framework in Frameworks */,
				EC77F05422D24538B0916EE5 /* libc++.dylib in Frameworks */,
				203473EB44464853A6481B18 /* libz.dylib in Frameworks */,
				B91867F40CEF4C70B03CCA97 /* libiconv.dylib in Frameworks */,
				46EB681B8FFF458C8910A599 /* SystemConfiguration.framework in Frameworks */,
				9F0F923D402E4F78A1F9C388 /* AudioToolbox.framework in Frameworks */,
				0B44906547EA4FD6A3BA84DB /* AVFoundation.framework in Frameworks */,
				978C4E29DD204EBEAA15D261 /* CoreMedia.framework in Frameworks */,
				3FDD262BB76F400DA1AB5A2B /* CoreVideo.framework in Frameworks */,
				12CFCE68233241AEBC9BFDC9 /* QuartzCore.framework in Frameworks */,
				CE4A1337F1C245CEA2968C04 /* CoreMotion.framework in Frameworks */,
				590F46673F9843859D4E4ADB /* Accelerate.framework in Frameworks */,
				8E0545B58B27410583784D92 /* CoreText.framework in Frameworks */,
				6CB41E4062A24354819E47B7 /* CoreLocation.framework in Frameworks */,
				1204C9AC122248AAB39B6E71 /* ImageIO.framework in Frameworks */,
				312C9345A1334050A7E31ABE /* CoreTelephony.framework in Frameworks */,
			);
			runOnlyForDeploymentPostprocessing = 0;
		};
/* End PBXFrameworksBuildPhase section */

/* Begin PBXGroup section */
		080E96DDFE201D6D7F000001 /* Classes */ = {
			isa = PBXGroup;
			children = (
				302D95EE14D2391D003F00A1 /* MainViewController.h */,
				302D95EF14D2391D003F00A1 /* MainViewController.m */,
				302D95F014D2391D003F00A1 /* MainViewController.xib */,
				1D3623240D0F684500981E51 /* AppDelegate.h */,
				1D3623250D0F684500981E51 /* AppDelegate.m */,
			);
			name = Classes;
			path = AcuantHybridSampleSDK/Classes;
			sourceTree = SOURCE_ROOT;
		};
		19C28FACFE9D520D11CA2CBB /* Products */ = {
			isa = PBXGroup;
			children = (
				1D6058910D05DD3D006BFB54 /* AcuantHybridSampleSDK.app */,
			);
			name = Products;
			sourceTree = "<group>";
		};
		29B97314FDCFA39411CA2CEA /* CustomTemplate */ = {
			isa = PBXGroup;
			children = (
				EB87FDF41871DAF40020F90C /* config.xml */,
				EB87FDF31871DA8E0020F90C /* www */,
				EB87FDF11871DA420020F90C /* Staging */,
				301BF52D109A57CC0062928A /* CordovaLib/CordovaLib.xcodeproj */,
				080E96DDFE201D6D7F000001 /* Classes */,
				307C750510C5A3420062BCA9 /* Plugins */,
				29B97315FDCFA39411CA2CEA /* Other Sources */,
				29B97317FDCFA39411CA2CEA /* Resources */,
				29B97323FDCFA39411CA2CEA /* Frameworks */,
				19C28FACFE9D520D11CA2CBB /* Products */,
			);
			name = CustomTemplate;
			sourceTree = "<group>";
		};
		29B97315FDCFA39411CA2CEA /* Other Sources */ = {
			isa = PBXGroup;
			children = (
				32CA4F630368D1EE00C91783 /* AcuantHybridSampleSDK-Prefix.pch */,
				29B97316FDCFA39411CA2CEA /* main.m */,
				ED33DF2A687741AEAF9F8254 /* Bridging-Header.h */,
			);
			name = "Other Sources";
			path = AcuantHybridSampleSDK;
			sourceTree = "<group>";
		};
		29B97317FDCFA39411CA2CEA /* Resources */ = {
			isa = PBXGroup;
			children = (
				0207DA571B56EA530066E2B4 /* Images.xcassets */,
				3047A50E1AB8057F00498E2A /* config */,
				8D1107310486CEB800E47090 /* AcuantHybridSampleSDK-Info.plist */,
				6AFF5BF81D6E424B00AB3073 /* CDVLaunchScreen.storyboard */,
				A852F1D447AB4376823E250C /* CDVNotification.bundle */,
			);
			name = Resources;
			path = AcuantHybridSampleSDK/Resources;
			sourceTree = "<group>";
		};
		29B97323FDCFA39411CA2CEA /* Frameworks */ = {
			isa = PBXGroup;
			children = (
				0D967431BDA94F61A88459DB /* AcuantMobileSDK.framework */,
				6E14D351FD1441E19B809B60 /* libc++.dylib */,
				67A472318E9A4708ADC69EF7 /* libz.dylib */,
				229E064A132A4E06BB266CDF /* libiconv.dylib */,
				52FD8169A081437FB4CD2B56 /* SystemConfiguration.framework */,
				F3F858720FB3462D85C38C66 /* AudioToolbox.framework */,
				BFDC64F8F3E143ACB40F7DBD /* AVFoundation.framework */,
				0D168D90AD9A402AB7A6C0CE /* CoreMedia.framework */,
				CA863CDFF12044458FD0D562 /* CoreVideo.framework */,
				BE9C574C387842E6A6FEB1AC /* QuartzCore.framework */,
				0908BD8751CF40048808F97B /* CoreMotion.framework */,
				C98F4BBEFDB74B9A902316A9 /* Accelerate.framework */,
				6061039FF7324E4A8647280A /* CoreText.framework */,
				A6373F5DEB5E4835B274E29C /* CoreLocation.framework */,
				01CDF95A76DA453FB17115F3 /* ImageIO.framework */,
				59276D50D7A046D2BAD9B422 /* CoreTelephony.framework */,
			);
			name = Frameworks;
			sourceTree = "<group>";
		};
		301BF52E109A57CC0062928A /* Products */ = {
			isa = PBXGroup;
			children = (
				301BF535109A57CC0062928A /* libCordova.a */,
				135E85221ECF955A00A26396 /* Cordova.framework */,
			);
			name = Products;
			sourceTree = "<group>";
		};
		3047A50E1AB8057F00498E2A /* config */ = {
			isa = PBXGroup;
			children = (
				3047A50F1AB8059700498E2A /* build-debug.xcconfig */,
				3047A5101AB8059700498E2A /* build-release.xcconfig */,
				3047A5111AB8059700498E2A /* build.xcconfig */,
			);
			name = config;
			sourceTree = "<group>";
		};
		307C750510C5A3420062BCA9 /* Plugins */ = {
			isa = PBXGroup;
			children = (
				8DFDB573FDE74FBB8FCCEDBD /* AcuantMobileSDK.m */,
				F77DC0E82AEE4CA691F50E43 /* AcuantMobileSDK.h */,
				BA3C292DC1604474AE0215BF /* UIImage+CropScaleOrientation.m */,
				702AD561F39348938B15704A /* CDVCamera.m */,
				C15B086938394942B2B6376E /* CDVJpegHeaderWriter.m */,
				36E8F56CAE264F90B79F5052 /* UIImage+CropScaleOrientation.h */,
				1170FA9E1D7C4F58B7FB3520 /* CDVCamera.h */,
				C779ECD5B5754577847785FF /* CDVJpegHeaderWriter.h */,
				3C8A03DC9F9947EC96F8ADB2 /* CDVExif.h */,
				2B1D0AD3F3F540D7B57F1ECA /* CDVLogger.m */,
				089D792CDC1544A2A209D79C /* CDVLogger.h */,
				5510AD6AAAA44F908775AD3D /* CDVNotification.m */,
				4ACEA3B67D8F4C03AA959897 /* CDVNotification.h */,
				2CBFE645BE714563A4801480 /* CDVConnection.m */,
				4E4C069A8BEC4F1797349A82 /* CDVReachability.m */,
				67DF617D3A0A4B018A1FB1B1 /* CDVConnection.h */,
				8A50696AD6BC4245B2BE5830 /* CDVReachability.h */,
			);
			name = Plugins;
			path = AcuantHybridSampleSDK/Plugins;
			sourceTree = SOURCE_ROOT;
		};
		EB87FDF11871DA420020F90C /* Staging */ = {
			isa = PBXGroup;
			children = (
				F840E1F0165FE0F500CFE078 /* config.xml */,
				301BF56E109A69640062928A /* www */,
			);
			name = Staging;
			sourceTree = "<group>";
		};
/* End PBXGroup section */

/* Begin PBXNativeTarget section */
		1D6058900D05DD3D006BFB54 /* AcuantHybridSampleSDK */ = {
			isa = PBXNativeTarget;
			buildConfigurationList = 1D6058960D05DD3E006BFB54 /* Build configuration list for PBXNativeTarget "AcuantHybridSampleSDK" */;
			buildPhases = (
				304B58A110DAC018002A0835 /* Copy www directory */,
				1D60588D0D05DD3D006BFB54 /* Resources */,
				1D60588E0D05DD3D006BFB54 /* Sources */,
				1D60588F0D05DD3D006BFB54 /* Frameworks */,
			);
			buildRules = (
			);
			dependencies = (
				301BF551109A68C00062928A /* PBXTargetDependency */,
			);
			name = AcuantHybridSampleSDK;
			productName = AcuantHybridSampleSDK;
			productReference = 1D6058910D05DD3D006BFB54 /* AcuantHybridSampleSDK.app */;
			productType = "com.apple.product-type.application";
		};
/* End PBXNativeTarget section */

/* Begin PBXProject section */
		29B97313FDCFA39411CA2CEA /* Project object */ = {
			isa = PBXProject;
			attributes = {
				LastUpgradeCheck = 510;
				TargetAttributes = {
					1D6058900D05DD3D006BFB54 = {
						DevelopmentTeam = E67326HC5Q;
					};
				};
			};
			buildConfigurationList = C01FCF4E08A954540054247B /* Build configuration list for PBXProject "AcuantHybridSampleSDK" */;
			compatibilityVersion = "Xcode 3.2";
			developmentRegion = English;
			hasScannedForEncodings = 1;
			knownRegions = (
				en,
			);
			mainGroup = 29B97314FDCFA39411CA2CEA /* CustomTemplate */;
			projectDirPath = "";
			projectReferences = (
				{
					ProductGroup = 301BF52E109A57CC0062928A /* Products */;
					ProjectRef = 301BF52D109A57CC0062928A /* CordovaLib/CordovaLib.xcodeproj */;
				},
			);
			projectRoot = "";
			targets = (
				1D6058900D05DD3D006BFB54 /* AcuantHybridSampleSDK */,
			);
		};
/* End PBXProject section */

/* Begin PBXReferenceProxy section */
		135E85221ECF955A00A26396 /* Cordova.framework */ = {
			isa = PBXReferenceProxy;
			fileType = wrapper.framework;
			path = Cordova.framework;
			remoteRef = 135E85211ECF955A00A26396 /* PBXContainerItemProxy */;
			sourceTree = BUILT_PRODUCTS_DIR;
		};
		301BF535109A57CC0062928A /* libCordova.a */ = {
			isa = PBXReferenceProxy;
			fileType = archive.ar;
			path = libCordova.a;
			remoteRef = 301BF534109A57CC0062928A /* PBXContainerItemProxy */;
			sourceTree = BUILT_PRODUCTS_DIR;
		};
/* End PBXReferenceProxy section */

/* Begin PBXResourcesBuildPhase section */
		1D60588D0D05DD3D006BFB54 /* Resources */ = {
			isa = PBXResourcesBuildPhase;
			buildActionMask = 2147483647;
			files = (
				302D95F214D2391D003F00A1 /* MainViewController.xib in Resources */,
				0207DA581B56EA530066E2B4 /* Images.xcassets in Resources */,
				6AFF5BF91D6E424B00AB3073 /* CDVLaunchScreen.storyboard in Resources */,
				D118A8B264184A979D11D918 /* CDVNotification.bundle in Resources */,
			);
			runOnlyForDeploymentPostprocessing = 0;
		};
/* End PBXResourcesBuildPhase section */

/* Begin PBXShellScriptBuildPhase section */
		304B58A110DAC018002A0835 /* Copy www directory */ = {
			isa = PBXShellScriptBuildPhase;
			buildActionMask = 2147483647;
			files = (
			);
			inputPaths = (
			);
			name = "Copy www directory";
			outputPaths = (
			);
			runOnlyForDeploymentPostprocessing = 0;
			shellPath = /bin/sh;
			shellScript = "NODEJS_PATH=/usr/local/bin; NVM_NODE_PATH=~/.nvm/versions/node/`nvm version 2>/dev/null`/bin; N_NODE_PATH=`find /usr/local/n/versions/node/* -maxdepth 0 -type d 2>/dev/null | tail -1`/bin; XCODE_NODE_PATH=`xcode-select --print-path`/usr/share/xcs/Node/bin; PATH=$NODEJS_PATH:$NVM_NODE_PATH:$N_NODE_PATH:$XCODE_NODE_PATH:$PATH && node cordova/lib/copy-www-build-step.js";
			showEnvVarsInLog = 0;
		};
/* End PBXShellScriptBuildPhase section */

/* Begin PBXSourcesBuildPhase section */
		1D60588E0D05DD3D006BFB54 /* Sources */ = {
			isa = PBXSourcesBuildPhase;
			buildActionMask = 2147483647;
			files = (
				1D60589B0D05DD56006BFB54 /* main.m in Sources */,
				1D3623260D0F684500981E51 /* AppDelegate.m in Sources */,
				302D95F114D2391D003F00A1 /* MainViewController.m in Sources */,
				733936490D14487192410F54 /* AcuantMobileSDK.m in Sources */,
				86FF3560F56347BF82C99539 /* UIImage+CropScaleOrientation.m in Sources */,
				1A804093FDAD4C018C04A5BD /* CDVCamera.m in Sources */,
				3A24D466F09743A18C632797 /* CDVJpegHeaderWriter.m in Sources */,
				5A87B78E70D44100BB77F041 /* CDVLogger.m in Sources */,
				D676B76217C647539E0F2EC1 /* CDVNotification.m in Sources */,
				D580D2B2BE324ECB8021126F /* CDVConnection.m in Sources */,
				3EBC0FC6742149DD945EDEAB /* CDVReachability.m in Sources */,
			);
			runOnlyForDeploymentPostprocessing = 0;
		};
/* End PBXSourcesBuildPhase section */

/* Begin PBXTargetDependency section */
		301BF551109A68C00062928A /* PBXTargetDependency */ = {
			isa = PBXTargetDependency;
			name = CordovaLib;
			targetProxy = 301BF550109A68C00062928A /* PBXContainerItemProxy */;
		};
/* End PBXTargetDependency section */

/* Begin XCBuildConfiguration section */
		1D6058940D05DD3E006BFB54 /* Debug */ = {
			isa = XCBuildConfiguration;
			baseConfigurationReference = 3047A50F1AB8059700498E2A /* build-debug.xcconfig */;
			buildSettings = {
				ALWAYS_SEARCH_USER_PATHS = NO;
				ASSETCATALOG_COMPILER_APPICON_NAME = AppIcon;
				ASSETCATALOG_COMPILER_LAUNCHIMAGE_NAME = LaunchImage;
				CLANG_ENABLE_MODULES = YES;
				CLANG_ENABLE_OBJC_ARC = YES;
				COPY_PHASE_STRIP = NO;
				DEVELOPMENT_TEAM = E67326HC5Q;
				FRAMEWORK_SEARCH_PATHS = (
					"$(inherited)",
					"\"AcuantHybridSampleSDK/Plugins/com.acuant.plugin.AcuantMobileSDK\"",
					"\"$(PROJECT_DIR)/../../plugins/**\"",
				);
				GCC_DYNAMIC_NO_PIC = NO;
				GCC_OPTIMIZATION_LEVEL = 0;
				GCC_PRECOMPILE_PREFIX_HEADER = YES;
				GCC_PREFIX_HEADER = "AcuantHybridSampleSDK/AcuantHybridSampleSDK-Prefix.pch";
				GCC_THUMB_SUPPORT = NO;
				GCC_VERSION = "";
				INFOPLIST_FILE = "AcuantHybridSampleSDK/AcuantHybridSampleSDK-Info.plist";
				IPHONEOS_DEPLOYMENT_TARGET = 8.0;
				LD_RUNPATH_SEARCH_PATHS = "@executable_path/Frameworks";
				PRODUCT_NAME = AcuantHybridSampleSDK;
				TARGETED_DEVICE_FAMILY = "1,2";
			};
			name = Debug;
		};
		1D6058950D05DD3E006BFB54 /* Release */ = {
			isa = XCBuildConfiguration;
			baseConfigurationReference = 3047A5101AB8059700498E2A /* build-release.xcconfig */;
			buildSettings = {
				ALWAYS_SEARCH_USER_PATHS = NO;
				ASSETCATALOG_COMPILER_APPICON_NAME = AppIcon;
				ASSETCATALOG_COMPILER_LAUNCHIMAGE_NAME = LaunchImage;
				CLANG_ENABLE_MODULES = YES;
				CLANG_ENABLE_OBJC_ARC = YES;
				COPY_PHASE_STRIP = YES;
				DEVELOPMENT_TEAM = E67326HC5Q;
				FRAMEWORK_SEARCH_PATHS = (
					"$(inherited)",
					"\"AcuantHybridSampleSDK/Plugins/com.acuant.plugin.AcuantMobileSDK\"",
					"\"$(PROJECT_DIR)/../../plugins/**\"",
				);
				GCC_PRECOMPILE_PREFIX_HEADER = YES;
				GCC_PREFIX_HEADER = "AcuantHybridSampleSDK/AcuantHybridSampleSDK-Prefix.pch";
				GCC_THUMB_SUPPORT = NO;
				GCC_VERSION = "";
				INFOPLIST_FILE = "AcuantHybridSampleSDK/AcuantHybridSampleSDK-Info.plist";
				IPHONEOS_DEPLOYMENT_TARGET = 8.0;
				LD_RUNPATH_SEARCH_PATHS = "@executable_path/Frameworks";
				PRODUCT_NAME = AcuantHybridSampleSDK;
				TARGETED_DEVICE_FAMILY = "1,2";
			};
			name = Release;
		};
		C01FCF4F08A954540054247B /* Debug */ = {
			isa = XCBuildConfiguration;
			baseConfigurationReference = 3047A5111AB8059700498E2A /* build.xcconfig */;
			buildSettings = {
				ASSETCATALOG_COMPILER_LAUNCHIMAGE_NAME = LaunchImage;
				CLANG_ENABLE_MODULES = YES;
				CLANG_ENABLE_OBJC_ARC = YES;
				CLANG_WARN_BOOL_CONVERSION = YES;
				CLANG_WARN_CONSTANT_CONVERSION = YES;
				CLANG_WARN_EMPTY_BODY = YES;
				CLANG_WARN_ENUM_CONVERSION = YES;
				CLANG_WARN_INT_CONVERSION = YES;
				CLANG_WARN__DUPLICATE_METHOD_MATCH = YES;
				GCC_C_LANGUAGE_STANDARD = c99;
				GCC_THUMB_SUPPORT = NO;
				GCC_VERSION = "";
				GCC_WARN_ABOUT_RETURN_TYPE = YES;
				GCC_WARN_UNDECLARED_SELECTOR = YES;
				GCC_WARN_UNINITIALIZED_AUTOS = YES;
				GCC_WARN_UNUSED_FUNCTION = YES;
				GCC_WARN_UNUSED_VARIABLE = YES;
				IPHONEOS_DEPLOYMENT_TARGET = 8.0;
				ONLY_ACTIVE_ARCH = YES;
				SDKROOT = iphoneos;
				SKIP_INSTALL = NO;
			};
			name = Debug;
		};
		C01FCF5008A954540054247B /* Release */ = {
			isa = XCBuildConfiguration;
			baseConfigurationReference = 3047A5111AB8059700498E2A /* build.xcconfig */;
			buildSettings = {
				ASSETCATALOG_COMPILER_LAUNCHIMAGE_NAME = LaunchImage;
				CLANG_ENABLE_MODULES = YES;
				CLANG_ENABLE_OBJC_ARC = YES;
				CLANG_WARN_BOOL_CONVERSION = YES;
				CLANG_WARN_CONSTANT_CONVERSION = YES;
				CLANG_WARN_EMPTY_BODY = YES;
				CLANG_WARN_ENUM_CONVERSION = YES;
				CLANG_WARN_INT_CONVERSION = YES;
				CLANG_WARN__DUPLICATE_METHOD_MATCH = YES;
				GCC_C_LANGUAGE_STANDARD = c99;
				GCC_THUMB_SUPPORT = NO;
				GCC_VERSION = "";
				GCC_WARN_ABOUT_RETURN_TYPE = YES;
				GCC_WARN_UNDECLARED_SELECTOR = YES;
				GCC_WARN_UNINITIALIZED_AUTOS = YES;
				GCC_WARN_UNUSED_FUNCTION = YES;
				GCC_WARN_UNUSED_VARIABLE = YES;
				IPHONEOS_DEPLOYMENT_TARGET = 8.0;
				SDKROOT = iphoneos;
				SKIP_INSTALL = NO;
			};
			name = Release;
		};
/* End XCBuildConfiguration section */

/* Begin XCConfigurationList section */
		1D6058960D05DD3E006BFB54 /* Build configuration list for PBXNativeTarget "AcuantHybridSampleSDK" */ = {
			isa = XCConfigurationList;
			buildConfigurations = (
				1D6058940D05DD3E006BFB54 /* Debug */,
				1D6058950D05DD3E006BFB54 /* Release */,
			);
			defaultConfigurationIsVisible = 0;
			defaultConfigurationName = Release;
		};
		C01FCF4E08A954540054247B /* Build configuration list for PBXProject "AcuantHybridSampleSDK" */ = {
			isa = XCConfigurationList;
			buildConfigurations = (
				C01FCF4F08A954540054247B /* Debug */,
				C01FCF5008A954540054247B /* Release */,
			);
			defaultConfigurationIsVisible = 0;
			defaultConfigurationName = Release;
		};
/* End XCConfigurationList section */
	};
	rootObject = 29B97313FDCFA39411CA2CEA /* Project object */;
}
