// !$*UTF8*$!
{
	archiveVersion = 1;
	classes = {
	};
	objectVersion = 46;
	objects = {
/* Begin PBXBuildFile section */
		01C4938475B54860ABB5F8A5 /* libiconv.dylib in Frameworks */ = {isa = PBXBuildFile; fileRef = 001E481885AE4DC79D1FDEEA /* libiconv.dylib */; };
		0207DA581B56EA530066E2B4 /* Images.xcassets in Resources */ = {isa = PBXBuildFile; fileRef = 0207DA571B56EA530066E2B4 /* Images.xcassets */; };
		068EE51625A64EC088D51D38 /* CoreTelephony.framework in Frameworks */ = {isa = PBXBuildFile; fileRef = 74307308CB7240D797E4495B /* CoreTelephony.framework */; };
		13443FEE1F4C965C0083F234 /* MicroBlink.framework in Frameworks */ = {isa = PBXBuildFile; fileRef = 13443FED1F4C965C0083F234 /* MicroBlink.framework */; };
		13443FEF1F4C96610083F234 /* MicroBlink.framework in Frameworks */ = {isa = PBXBuildFile; fileRef = 13443FED1F4C965C0083F234 /* MicroBlink.framework */; };
		13443FF01F4C96610083F234 /* MicroBlink.framework in Embed Frameworks */ = {isa = PBXBuildFile; fileRef = 13443FED1F4C965C0083F234 /* MicroBlink.framework */; settings = {ATTRIBUTES = (CodeSignOnCopy, RemoveHeadersOnCopy, ); }; };
		13443FF31F4C96780083F234 /* MicroBlink.bundle in Resources */ = {isa = PBXBuildFile; fileRef = 13443FF21F4C96780083F234 /* MicroBlink.bundle */; };
		182A68823A964E77886C9A4A /* Accelerate.framework in Frameworks */ = {isa = PBXBuildFile; fileRef = 37917C5CD591463EA39F05AB /* Accelerate.framework */; };
		1D3623260D0F684500981E51 /* AppDelegate.m in Sources */ = {isa = PBXBuildFile; fileRef = 1D3623250D0F684500981E51 /* AppDelegate.m */; };
		1D60589B0D05DD56006BFB54 /* main.m in Sources */ = {isa = PBXBuildFile; fileRef = 29B97316FDCFA39411CA2CEA /* main.m */; };
		23E702F6297B49D8B52800D7 /* CDVLogger.m in Sources */ = {isa = PBXBuildFile; fileRef = 61C719C082254D61B7D23FAA /* CDVLogger.m */; };
		282C0ACABCB649028CCD86B2 /* ImageIO.framework in Frameworks */ = {isa = PBXBuildFile; fileRef = 5E0CF3431D3D4A0FBE8AE260 /* ImageIO.framework */; };
		301BF552109A68D80062928A /* libCordova.a in Frameworks */ = {isa = PBXBuildFile; fileRef = 301BF535109A57CC0062928A /* libCordova.a */; };
		302D95F114D2391D003F00A1 /* MainViewController.m in Sources */ = {isa = PBXBuildFile; fileRef = 302D95EF14D2391D003F00A1 /* MainViewController.m */; };
		302D95F214D2391D003F00A1 /* MainViewController.xib in Resources */ = {isa = PBXBuildFile; fileRef = 302D95F014D2391D003F00A1 /* MainViewController.xib */; };
		3162055CC77E43C495743160 /* libz.dylib in Frameworks */ = {isa = PBXBuildFile; fileRef = 136812F80529434989C83F7F /* libz.dylib */; };
		40927D90536A4ECF97B3A10E /* CoreText.framework in Frameworks */ = {isa = PBXBuildFile; fileRef = 472D4F87D0E14952A98DA9D4 /* CoreText.framework */; };
		45AF3A6795284E6C93B61C0B /* AcuantMobileSDK.framework in Frameworks */ = {isa = PBXBuildFile; fileRef = 19D9E6D966A948F09D227892 /* AcuantMobileSDK.framework */; };
		463FEA5C135E4E83BE2E5910 /* CoreMotion.framework in Frameworks */ = {isa = PBXBuildFile; fileRef = 3E004EE88B974DC896F0D1DF /* CoreMotion.framework */; };
		493FA17AD44C41CE92F13EE5 /* AcuantMobileSDK.m in Sources */ = {isa = PBXBuildFile; fileRef = DA56B059CAA442489A045883 /* AcuantMobileSDK.m */; };
		4982D9D8EF9A43779C97424A /* UIImage+CropScaleOrientation.m in Sources */ = {isa = PBXBuildFile; fileRef = AB44DB19F7224116B625FF3C /* UIImage+CropScaleOrientation.m */; };
		4B66354B7F834805A84ED8C1 /* libc++.dylib in Frameworks */ = {isa = PBXBuildFile; fileRef = 1B502B772AC44B41AE5289B2 /* libc++.dylib */; };
		66B8C9A677E84D4A93E21293 /* AVFoundation.framework in Frameworks */ = {isa = PBXBuildFile; fileRef = 84130D9D67D44D60A0D3F151 /* AVFoundation.framework */; };
		67D4684C6D44450C8C856CF4 /* CoreVideo.framework in Frameworks */ = {isa = PBXBuildFile; fileRef = AAD8CF1E43EE416D8F2C00A7 /* CoreVideo.framework */; };
		6AFF5BF91D6E424B00AB3073 /* CDVLaunchScreen.storyboard in Resources */ = {isa = PBXBuildFile; fileRef = 6AFF5BF81D6E424B00AB3073 /* CDVLaunchScreen.storyboard */; };
		7AAFF1D5679747A192AFF2E5 /* CDVJpegHeaderWriter.m in Sources */ = {isa = PBXBuildFile; fileRef = BABD3C0BF7634BFC92B5AD14 /* CDVJpegHeaderWriter.m */; };
		95363E6650DC48478C1DD891 /* CDVNotification.bundle in Resources */ = {isa = PBXBuildFile; fileRef = 7C711D6245794A7D94034B19 /* CDVNotification.bundle */; };
		973B7C2DD6B24CC19EAE3BF4 /* QuartzCore.framework in Frameworks */ = {isa = PBXBuildFile; fileRef = 2BC34B70627C41F4AFA58691 /* QuartzCore.framework */; };
		B386E841DCF6440A9521BE0C /* CoreMedia.framework in Frameworks */ = {isa = PBXBuildFile; fileRef = 76B91D4BBA2249368BE552BB /* CoreMedia.framework */; };
		B51D210C6CA5415E929B5550 /* CDVReachability.m in Sources */ = {isa = PBXBuildFile; fileRef = 2542D9780A8A4466A420C484 /* CDVReachability.m */; };
		C5E2FF475AEA408A8104FD79 /* CDVNotification.m in Sources */ = {isa = PBXBuildFile; fileRef = 07500C36459F49C6B2C571AF /* CDVNotification.m */; };
		C9148E01AA7449BEB42EDFED /* AudioToolbox.framework in Frameworks */ = {isa = PBXBuildFile; fileRef = 5175637652504D1693750930 /* AudioToolbox.framework */; };
		CFB0F22A1FAE43F59D29772A /* CDVCamera.m in Sources */ = {isa = PBXBuildFile; fileRef = C7C36512F22C496BB87D9D94 /* CDVCamera.m */; };
		D1DD171DACC8460AB644A3E2 /* CoreLocation.framework in Frameworks */ = {isa = PBXBuildFile; fileRef = DCAAAD481B424FAE9E8DB2A7 /* CoreLocation.framework */; };
		E0D49BE7EC3A43E4ACE5571B /* SystemConfiguration.framework in Frameworks */ = {isa = PBXBuildFile; fileRef = 181505E733D84BA8B09E3B29 /* SystemConfiguration.framework */; };
		E40782CD115E478ABE4BF11A /* CDVConnection.m in Sources */ = {isa = PBXBuildFile; fileRef = AA20E486723544DB97E9AC90 /* CDVConnection.m */; };
/* End PBXBuildFile section */

/* Begin PBXContainerItemProxy section */
		13443FEB1F4C95F10083F234 /* PBXContainerItemProxy */ = {
			isa = PBXContainerItemProxy;
			containerPortal = 301BF52D109A57CC0062928A /* CordovaLib/CordovaLib.xcodeproj */;
			proxyType = 2;
			remoteGlobalIDString = C0C01EB21E3911D50056E6CB;
			remoteInfo = Cordova;
		};
		301BF534109A57CC0062928A /* PBXContainerItemProxy */ = {
			isa = PBXContainerItemProxy;
			containerPortal = 301BF52D109A57CC0062928A /* CordovaLib/CordovaLib.xcodeproj */;
			proxyType = 2;
			remoteGlobalIDString = D2AAC07E0554694100DB518D;
			remoteInfo = CordovaLib;
		};
		301BF550109A68C00062928A /* PBXContainerItemProxy */ = {
			isa = PBXContainerItemProxy;
			containerPortal = 301BF52D109A57CC0062928A /* CordovaLib/CordovaLib.xcodeproj */;
			proxyType = 1;
			remoteGlobalIDString = D2AAC07D0554694100DB518D;
			remoteInfo = CordovaLib;
		};
/* End PBXContainerItemProxy section */

/* Begin PBXCopyFilesBuildPhase section */
		13443FF11F4C96620083F234 /* Embed Frameworks */ = {
			isa = PBXCopyFilesBuildPhase;
			buildActionMask = 2147483647;
			dstPath = "";
			dstSubfolderSpec = 10;
			files = (
				13443FF01F4C96610083F234 /* MicroBlink.framework in Embed Frameworks */,
			);
			name = "Embed Frameworks";
			runOnlyForDeploymentPostprocessing = 0;
		};
/* End PBXCopyFilesBuildPhase section */

/* Begin PBXFileReference section */
		001E481885AE4DC79D1FDEEA /* libiconv.dylib */ = {isa = PBXFileReference; explicitFileType = undefined; fileEncoding = 9; includeInIndex = 0; lastKnownFileType = "compiled.mach-o.dylib"; name = libiconv.dylib; path = usr/lib/libiconv.dylib; sourceTree = SDKROOT; };
		0207DA571B56EA530066E2B4 /* Images.xcassets */ = {isa = PBXFileReference; lastKnownFileType = folder.assetcatalog; name = Images.xcassets; path = AcuantHybridSampleSDK/Images.xcassets; sourceTree = SOURCE_ROOT; };
		07500C36459F49C6B2C571AF /* CDVNotification.m */ = {isa = PBXFileReference; explicitFileType = undefined; fileEncoding = 4; includeInIndex = 0; lastKnownFileType = sourcecode.c.objc; name = CDVNotification.m; path = "sdgc-cordova-native-dialogs/CDVNotification.m"; sourceTree = "<group>"; };
		13443FED1F4C965C0083F234 /* MicroBlink.framework */ = {isa = PBXFileReference; lastKnownFileType = wrapper.framework; name = MicroBlink.framework; path = AcuantHybridSampleSDK/Plugins/com.acuant.plugin.AcuantMobileSDK/AcuantMobileSDK.framework/Resources/Frameworks/MicroBlink.framework; sourceTree = "<group>"; };
		13443FF21F4C96780083F234 /* MicroBlink.bundle */ = {isa = PBXFileReference; lastKnownFileType = "wrapper.plug-in"; name = MicroBlink.bundle; path = AcuantHybridSampleSDK/Plugins/com.acuant.plugin.AcuantMobileSDK/AcuantMobileSDK.framework/Resources/MicroBlink.bundle; sourceTree = SOURCE_ROOT; };
		136812F80529434989C83F7F /* libz.dylib */ = {isa = PBXFileReference; explicitFileType = undefined; fileEncoding = 9; includeInIndex = 0; lastKnownFileType = "compiled.mach-o.dylib"; name = libz.dylib; path = usr/lib/libz.dylib; sourceTree = SDKROOT; };
		181505E733D84BA8B09E3B29 /* SystemConfiguration.framework */ = {isa = PBXFileReference; explicitFileType = undefined; fileEncoding = 9; includeInIndex = 0; lastKnownFileType = wrapper.framework; name = SystemConfiguration.framework; path = System/Library/Frameworks/SystemConfiguration.framework; sourceTree = SDKROOT; };
		19D9E6D966A948F09D227892 /* AcuantMobileSDK.framework */ = {isa = PBXFileReference; explicitFileType = undefined; fileEncoding = 9; includeInIndex = 0; lastKnownFileType = wrapper.framework; name = AcuantMobileSDK.framework; path = AcuantHybridSampleSDK/Plugins/com.acuant.plugin.AcuantMobileSDK/AcuantMobileSDK.framework; sourceTree = "<group>"; };
		1B502B772AC44B41AE5289B2 /* libc++.dylib */ = {isa = PBXFileReference; explicitFileType = undefined; fileEncoding = 9; includeInIndex = 0; lastKnownFileType = "compiled.mach-o.dylib"; name = "libc++.dylib"; path = "usr/lib/libc++.dylib"; sourceTree = SDKROOT; };
		1D3623240D0F684500981E51 /* AppDelegate.h */ = {isa = PBXFileReference; fileEncoding = 4; lastKnownFileType = sourcecode.c.h; path = AppDelegate.h; sourceTree = "<group>"; };
		1D3623250D0F684500981E51 /* AppDelegate.m */ = {isa = PBXFileReference; fileEncoding = 4; lastKnownFileType = sourcecode.c.objc; path = AppDelegate.m; sourceTree = "<group>"; };
		1D6058910D05DD3D006BFB54 /* AcuantHybridSampleSDK.app */ = {isa = PBXFileReference; explicitFileType = wrapper.application; includeInIndex = 0; path = AcuantHybridSampleSDK.app; sourceTree = BUILT_PRODUCTS_DIR; };
		2542D9780A8A4466A420C484 /* CDVReachability.m */ = {isa = PBXFileReference; explicitFileType = undefined; fileEncoding = 4; includeInIndex = 0; lastKnownFileType = sourcecode.c.objc; name = CDVReachability.m; path = "cordova-plugin-network-information/CDVReachability.m"; sourceTree = "<group>"; };
		29B97316FDCFA39411CA2CEA /* main.m */ = {isa = PBXFileReference; fileEncoding = 4; lastKnownFileType = sourcecode.c.objc; path = main.m; sourceTree = "<group>"; };
		2BC34B70627C41F4AFA58691 /* QuartzCore.framework */ = {isa = PBXFileReference; explicitFileType = undefined; fileEncoding = 9; includeInIndex = 0; lastKnownFileType = wrapper.framework; name = QuartzCore.framework; path = System/Library/Frameworks/QuartzCore.framework; sourceTree = SDKROOT; };
		301BF52D109A57CC0062928A /* CordovaLib/CordovaLib.xcodeproj */ = {isa = PBXFileReference; lastKnownFileType = "wrapper.pb-project"; path = CordovaLib/CordovaLib.xcodeproj; sourceTree = "<group>"; };
		301BF56E109A69640062928A /* www */ = {isa = PBXFileReference; lastKnownFileType = folder; path = www; sourceTree = SOURCE_ROOT; };
		302D95EE14D2391D003F00A1 /* MainViewController.h */ = {isa = PBXFileReference; fileEncoding = 4; lastKnownFileType = sourcecode.c.h; path = MainViewController.h; sourceTree = "<group>"; };
		302D95EF14D2391D003F00A1 /* MainViewController.m */ = {isa = PBXFileReference; fileEncoding = 4; lastKnownFileType = sourcecode.c.objc; path = MainViewController.m; sourceTree = "<group>"; };
		302D95F014D2391D003F00A1 /* MainViewController.xib */ = {isa = PBXFileReference; fileEncoding = 4; lastKnownFileType = file.xib; path = MainViewController.xib; sourceTree = "<group>"; };
		3047A50F1AB8059700498E2A /* build-debug.xcconfig */ = {isa = PBXFileReference; fileEncoding = 4; lastKnownFileType = text.xcconfig; name = "build-debug.xcconfig"; path = "cordova/build-debug.xcconfig"; sourceTree = SOURCE_ROOT; };
		3047A5101AB8059700498E2A /* build-release.xcconfig */ = {isa = PBXFileReference; fileEncoding = 4; lastKnownFileType = text.xcconfig; name = "build-release.xcconfig"; path = "cordova/build-release.xcconfig"; sourceTree = SOURCE_ROOT; };
		3047A5111AB8059700498E2A /* build.xcconfig */ = {isa = PBXFileReference; fileEncoding = 4; lastKnownFileType = text.xcconfig; name = build.xcconfig; path = cordova/build.xcconfig; sourceTree = SOURCE_ROOT; };
		32CA4F630368D1EE00C91783 /* AcuantHybridSampleSDK-Prefix.pch */ = {isa = PBXFileReference; fileEncoding = 4; lastKnownFileType = sourcecode.c.h; path = "AcuantHybridSampleSDK-Prefix.pch"; sourceTree = "<group>"; };
		37917C5CD591463EA39F05AB /* Accelerate.framework */ = {isa = PBXFileReference; explicitFileType = undefined; fileEncoding = 9; includeInIndex = 0; lastKnownFileType = wrapper.framework; name = Accelerate.framework; path = System/Library/Frameworks/Accelerate.framework; sourceTree = SDKROOT; };
		3E004EE88B974DC896F0D1DF /* CoreMotion.framework */ = {isa = PBXFileReference; explicitFileType = undefined; fileEncoding = 9; includeInIndex = 0; lastKnownFileType = wrapper.framework; name = CoreMotion.framework; path = System/Library/Frameworks/CoreMotion.framework; sourceTree = SDKROOT; };
		4605A4CDB4E04288A9979423 /* CDVLogger.h */ = {isa = PBXFileReference; explicitFileType = undefined; fileEncoding = 4; includeInIndex = 0; lastKnownFileType = sourcecode.c.h; name = CDVLogger.h; path = "cordova-plugin-console/CDVLogger.h"; sourceTree = "<group>"; };
		472D4F87D0E14952A98DA9D4 /* CoreText.framework */ = {isa = PBXFileReference; explicitFileType = undefined; fileEncoding = 9; includeInIndex = 0; lastKnownFileType = wrapper.framework; name = CoreText.framework; path = System/Library/Frameworks/CoreText.framework; sourceTree = SDKROOT; };
		4B2B049E0D3C46F98C29420C /* UIImage+CropScaleOrientation.h */ = {isa = PBXFileReference; explicitFileType = undefined; fileEncoding = 4; includeInIndex = 0; lastKnownFileType = sourcecode.c.h; name = "UIImage+CropScaleOrientation.h"; path = "cordova-plugin-camera/UIImage+CropScaleOrientation.h"; sourceTree = "<group>"; };
		4CF321928AD44B4CBFD170EC /* AcuantMobileSDK.h */ = {isa = PBXFileReference; explicitFileType = undefined; fileEncoding = 4; includeInIndex = 0; lastKnownFileType = sourcecode.c.h; name = AcuantMobileSDK.h; path = com.acuant.plugin.AcuantMobileSDK/AcuantMobileSDK.h; sourceTree = "<group>"; };
		5175637652504D1693750930 /* AudioToolbox.framework */ = {isa = PBXFileReference; explicitFileType = undefined; fileEncoding = 9; includeInIndex = 0; lastKnownFileType = wrapper.framework; name = AudioToolbox.framework; path = System/Library/Frameworks/AudioToolbox.framework; sourceTree = SDKROOT; };
		5E0CF3431D3D4A0FBE8AE260 /* ImageIO.framework */ = {isa = PBXFileReference; explicitFileType = undefined; fileEncoding = 9; includeInIndex = 0; lastKnownFileType = wrapper.framework; name = ImageIO.framework; path = System/Library/Frameworks/ImageIO.framework; sourceTree = SDKROOT; };
		616E41C8507A44959312009E /* CDVExif.h */ = {isa = PBXFileReference; explicitFileType = undefined; fileEncoding = 4; includeInIndex = 0; lastKnownFileType = sourcecode.c.h; name = CDVExif.h; path = "cordova-plugin-camera/CDVExif.h"; sourceTree = "<group>"; };
		61C719C082254D61B7D23FAA /* CDVLogger.m */ = {isa = PBXFileReference; explicitFileType = undefined; fileEncoding = 4; includeInIndex = 0; lastKnownFileType = sourcecode.c.objc; name = CDVLogger.m; path = "cordova-plugin-console/CDVLogger.m"; sourceTree = "<group>"; };
		6AFF5BF81D6E424B00AB3073 /* CDVLaunchScreen.storyboard */ = {isa = PBXFileReference; fileEncoding = 4; lastKnownFileType = file.storyboard; name = CDVLaunchScreen.storyboard; path = AcuantHybridSampleSDK/CDVLaunchScreen.storyboard; sourceTree = SOURCE_ROOT; };
		74307308CB7240D797E4495B /* CoreTelephony.framework */ = {isa = PBXFileReference; explicitFileType = undefined; fileEncoding = 9; includeInIndex = 0; lastKnownFileType = wrapper.framework; name = CoreTelephony.framework; path = System/Library/Frameworks/CoreTelephony.framework; sourceTree = SDKROOT; };
		76B91D4BBA2249368BE552BB /* CoreMedia.framework */ = {isa = PBXFileReference; explicitFileType = undefined; fileEncoding = 9; includeInIndex = 0; lastKnownFileType = wrapper.framework; name = CoreMedia.framework; path = System/Library/Frameworks/CoreMedia.framework; sourceTree = SDKROOT; };
		7C711D6245794A7D94034B19 /* CDVNotification.bundle */ = {isa = PBXFileReference; explicitFileType = undefined; fileEncoding = 9; includeInIndex = 0; lastKnownFileType = "wrapper.plug-in"; path = CDVNotification.bundle; sourceTree = "<group>"; };
		84130D9D67D44D60A0D3F151 /* AVFoundation.framework */ = {isa = PBXFileReference; explicitFileType = undefined; fileEncoding = 9; includeInIndex = 0; lastKnownFileType = wrapper.framework; name = AVFoundation.framework; path = System/Library/Frameworks/AVFoundation.framework; sourceTree = SDKROOT; };
		8C40E281138F44E4A946703D /* CDVReachability.h */ = {isa = PBXFileReference; explicitFileType = undefined; fileEncoding = 4; includeInIndex = 0; lastKnownFileType = sourcecode.c.h; name = CDVReachability.h; path = "cordova-plugin-network-information/CDVReachability.h"; sourceTree = "<group>"; };
		8D1107310486CEB800E47090 /* AcuantHybridSampleSDK-Info.plist */ = {isa = PBXFileReference; fileEncoding = 4; lastKnownFileType = text.plist.xml; name = "AcuantHybridSampleSDK-Info.plist"; path = "AcuantHybridSampleSDK/AcuantHybridSampleSDK-Info.plist"; plistStructureDefinitionIdentifier = "com.apple.xcode.plist.structure-definition.iphone.info-plist"; sourceTree = SOURCE_ROOT; };
		AA20E486723544DB97E9AC90 /* CDVConnection.m */ = {isa = PBXFileReference; explicitFileType = undefined; fileEncoding = 4; includeInIndex = 0; lastKnownFileType = sourcecode.c.objc; name = CDVConnection.m; path = "cordova-plugin-network-information/CDVConnection.m"; sourceTree = "<group>"; };
		AAD8CF1E43EE416D8F2C00A7 /* CoreVideo.framework */ = {isa = PBXFileReference; explicitFileType = undefined; fileEncoding = 9; includeInIndex = 0; lastKnownFileType = wrapper.framework; name = CoreVideo.framework; path = System/Library/Frameworks/CoreVideo.framework; sourceTree = SDKROOT; };
		AB44DB19F7224116B625FF3C /* UIImage+CropScaleOrientation.m */ = {isa = PBXFileReference; explicitFileType = undefined; fileEncoding = 4; includeInIndex = 0; lastKnownFileType = sourcecode.c.objc; name = "UIImage+CropScaleOrientation.m"; path = "cordova-plugin-camera/UIImage+CropScaleOrientation.m"; sourceTree = "<group>"; };
		B2CE8AE169C840018152860E /* CDVNotification.h */ = {isa = PBXFileReference; explicitFileType = undefined; fileEncoding = 4; includeInIndex = 0; lastKnownFileType = sourcecode.c.h; name = CDVNotification.h; path = "sdgc-cordova-native-dialogs/CDVNotification.h"; sourceTree = "<group>"; };
		BABD3C0BF7634BFC92B5AD14 /* CDVJpegHeaderWriter.m */ = {isa = PBXFileReference; explicitFileType = undefined; fileEncoding = 4; includeInIndex = 0; lastKnownFileType = sourcecode.c.objc; name = CDVJpegHeaderWriter.m; path = "cordova-plugin-camera/CDVJpegHeaderWriter.m"; sourceTree = "<group>"; };
		C220330F70C047649B7CA034 /* CDVCamera.h */ = {isa = PBXFileReference; explicitFileType = undefined; fileEncoding = 4; includeInIndex = 0; lastKnownFileType = sourcecode.c.h; name = CDVCamera.h; path = "cordova-plugin-camera/CDVCamera.h"; sourceTree = "<group>"; };
		C7C36512F22C496BB87D9D94 /* CDVCamera.m */ = {isa = PBXFileReference; explicitFileType = undefined; fileEncoding = 4; includeInIndex = 0; lastKnownFileType = sourcecode.c.objc; name = CDVCamera.m; path = "cordova-plugin-camera/CDVCamera.m"; sourceTree = "<group>"; };
		D2CF7E02AB8C4F36856869CB /* CDVJpegHeaderWriter.h */ = {isa = PBXFileReference; explicitFileType = undefined; fileEncoding = 4; includeInIndex = 0; lastKnownFileType = sourcecode.c.h; name = CDVJpegHeaderWriter.h; path = "cordova-plugin-camera/CDVJpegHeaderWriter.h"; sourceTree = "<group>"; };
		DA56B059CAA442489A045883 /* AcuantMobileSDK.m */ = {isa = PBXFileReference; explicitFileType = undefined; fileEncoding = 4; includeInIndex = 0; lastKnownFileType = sourcecode.c.objc; name = AcuantMobileSDK.m; path = com.acuant.plugin.AcuantMobileSDK/AcuantMobileSDK.m; sourceTree = "<group>"; };
		DB6C32E4878A49F0A2FBFE55 /* CDVConnection.h */ = {isa = PBXFileReference; explicitFileType = undefined; fileEncoding = 4; includeInIndex = 0; lastKnownFileType = sourcecode.c.h; name = CDVConnection.h; path = "cordova-plugin-network-information/CDVConnection.h"; sourceTree = "<group>"; };
		DCAAAD481B424FAE9E8DB2A7 /* CoreLocation.framework */ = {isa = PBXFileReference; explicitFileType = undefined; fileEncoding = 9; includeInIndex = 0; lastKnownFileType = wrapper.framework; name = CoreLocation.framework; path = System/Library/Frameworks/CoreLocation.framework; sourceTree = SDKROOT; };
		EB87FDF31871DA8E0020F90C /* www */ = {isa = PBXFileReference; lastKnownFileType = folder; name = www; path = ../../www; sourceTree = "<group>"; };
		EB87FDF41871DAF40020F90C /* config.xml */ = {isa = PBXFileReference; lastKnownFileType = text.xml; name = config.xml; path = ../../config.xml; sourceTree = "<group>"; };
		ED33DF2A687741AEAF9F8254 /* Bridging-Header.h */ = {isa = PBXFileReference; fileEncoding = 4; lastKnownFileType = sourcecode.c.h; path = "Bridging-Header.h"; sourceTree = "<group>"; };
		F840E1F0165FE0F500CFE078 /* config.xml */ = {isa = PBXFileReference; lastKnownFileType = text.xml; name = config.xml; path = AcuantHybridSampleSDK/config.xml; sourceTree = "<group>"; };
/* End PBXFileReference section */

/* Begin PBXFrameworksBuildPhase section */
		1D60588F0D05DD3D006BFB54 /* Frameworks */ = {
			isa = PBXFrameworksBuildPhase;
			buildActionMask = 2147483647;
			files = (
				301BF552109A68D80062928A /* libCordova.a in Frameworks */,
				45AF3A6795284E6C93B61C0B /* AcuantMobileSDK.framework in Frameworks */,
				4B66354B7F834805A84ED8C1 /* libc++.dylib in Frameworks */,
				3162055CC77E43C495743160 /* libz.dylib in Frameworks */,
				01C4938475B54860ABB5F8A5 /* libiconv.dylib in Frameworks */,
				E0D49BE7EC3A43E4ACE5571B /* SystemConfiguration.framework in Frameworks */,
				C9148E01AA7449BEB42EDFED /* AudioToolbox.framework in Frameworks */,
				66B8C9A677E84D4A93E21293 /* AVFoundation.framework in Frameworks */,
				13443FEF1F4C96610083F234 /* MicroBlink.framework in Frameworks */,
				B386E841DCF6440A9521BE0C /* CoreMedia.framework in Frameworks */,
				67D4684C6D44450C8C856CF4 /* CoreVideo.framework in Frameworks */,
				973B7C2DD6B24CC19EAE3BF4 /* QuartzCore.framework in Frameworks */,
				463FEA5C135E4E83BE2E5910 /* CoreMotion.framework in Frameworks */,
				13443FEE1F4C965C0083F234 /* MicroBlink.framework in Frameworks */,
				182A68823A964E77886C9A4A /* Accelerate.framework in Frameworks */,
				40927D90536A4ECF97B3A10E /* CoreText.framework in Frameworks */,
				D1DD171DACC8460AB644A3E2 /* CoreLocation.framework in Frameworks */,
				282C0ACABCB649028CCD86B2 /* ImageIO.framework in Frameworks */,
				068EE51625A64EC088D51D38 /* CoreTelephony.framework in Frameworks */,
			);
			runOnlyForDeploymentPostprocessing = 0;
		};
/* End PBXFrameworksBuildPhase section */

/* Begin PBXGroup section */
		080E96DDFE201D6D7F000001 /* Classes */ = {
			isa = PBXGroup;
			children = (
				302D95EE14D2391D003F00A1 /* MainViewController.h */,
				302D95EF14D2391D003F00A1 /* MainViewController.m */,
				302D95F014D2391D003F00A1 /* MainViewController.xib */,
				1D3623240D0F684500981E51 /* AppDelegate.h */,
				1D3623250D0F684500981E51 /* AppDelegate.m */,
			);
			name = Classes;
			path = AcuantHybridSampleSDK/Classes;
			sourceTree = SOURCE_ROOT;
		};
		19C28FACFE9D520D11CA2CBB /* Products */ = {
			isa = PBXGroup;
			children = (
				1D6058910D05DD3D006BFB54 /* AcuantHybridSampleSDK.app */,
			);
			name = Products;
			sourceTree = "<group>";
		};
		29B97314FDCFA39411CA2CEA /* CustomTemplate */ = {
			isa = PBXGroup;
			children = (
				EB87FDF41871DAF40020F90C /* config.xml */,
				EB87FDF31871DA8E0020F90C /* www */,
				EB87FDF11871DA420020F90C /* Staging */,
				301BF52D109A57CC0062928A /* CordovaLib/CordovaLib.xcodeproj */,
				080E96DDFE201D6D7F000001 /* Classes */,
				307C750510C5A3420062BCA9 /* Plugins */,
				29B97315FDCFA39411CA2CEA /* Other Sources */,
				29B97317FDCFA39411CA2CEA /* Resources */,
				29B97323FDCFA39411CA2CEA /* Frameworks */,
				19C28FACFE9D520D11CA2CBB /* Products */,
			);
			name = CustomTemplate;
			sourceTree = "<group>";
		};
		29B97315FDCFA39411CA2CEA /* Other Sources */ = {
			isa = PBXGroup;
			children = (
				32CA4F630368D1EE00C91783 /* AcuantHybridSampleSDK-Prefix.pch */,
				29B97316FDCFA39411CA2CEA /* main.m */,
				ED33DF2A687741AEAF9F8254 /* Bridging-Header.h */,
			);
			name = "Other Sources";
			path = AcuantHybridSampleSDK;
			sourceTree = "<group>";
		};
		29B97317FDCFA39411CA2CEA /* Resources */ = {
			isa = PBXGroup;
			children = (
				13443FF21F4C96780083F234 /* MicroBlink.bundle */,
				0207DA571B56EA530066E2B4 /* Images.xcassets */,
				3047A50E1AB8057F00498E2A /* config */,
				8D1107310486CEB800E47090 /* AcuantHybridSampleSDK-Info.plist */,
				6AFF5BF81D6E424B00AB3073 /* CDVLaunchScreen.storyboard */,
				7C711D6245794A7D94034B19 /* CDVNotification.bundle */,
			);
			name = Resources;
			path = AcuantHybridSampleSDK/Resources;
			sourceTree = "<group>";
		};
		29B97323FDCFA39411CA2CEA /* Frameworks */ = {
			isa = PBXGroup;
			children = (
				13443FED1F4C965C0083F234 /* MicroBlink.framework */,
				19D9E6D966A948F09D227892 /* AcuantMobileSDK.framework */,
				1B502B772AC44B41AE5289B2 /* libc++.dylib */,
				136812F80529434989C83F7F /* libz.dylib */,
				001E481885AE4DC79D1FDEEA /* libiconv.dylib */,
				181505E733D84BA8B09E3B29 /* SystemConfiguration.framework */,
				5175637652504D1693750930 /* AudioToolbox.framework */,
				84130D9D67D44D60A0D3F151 /* AVFoundation.framework */,
				76B91D4BBA2249368BE552BB /* CoreMedia.framework */,
				AAD8CF1E43EE416D8F2C00A7 /* CoreVideo.framework */,
				2BC34B70627C41F4AFA58691 /* QuartzCore.framework */,
				3E004EE88B974DC896F0D1DF /* CoreMotion.framework */,
				37917C5CD591463EA39F05AB /* Accelerate.framework */,
				472D4F87D0E14952A98DA9D4 /* CoreText.framework */,
				DCAAAD481B424FAE9E8DB2A7 /* CoreLocation.framework */,
				5E0CF3431D3D4A0FBE8AE260 /* ImageIO.framework */,
				74307308CB7240D797E4495B /* CoreTelephony.framework */,
			);
			name = Frameworks;
			sourceTree = "<group>";
		};
		301BF52E109A57CC0062928A /* Products */ = {
			isa = PBXGroup;
			children = (
				301BF535109A57CC0062928A /* libCordova.a */,
				13443FEC1F4C95F10083F234 /* Cordova.framework */,
			);
			name = Products;
			sourceTree = "<group>";
		};
		3047A50E1AB8057F00498E2A /* config */ = {
			isa = PBXGroup;
			children = (
				3047A50F1AB8059700498E2A /* build-debug.xcconfig */,
				3047A5101AB8059700498E2A /* build-release.xcconfig */,
				3047A5111AB8059700498E2A /* build.xcconfig */,
			);
			name = config;
			sourceTree = "<group>";
		};
		307C750510C5A3420062BCA9 /* Plugins */ = {
			isa = PBXGroup;
			children = (
				DA56B059CAA442489A045883 /* AcuantMobileSDK.m */,
				4CF321928AD44B4CBFD170EC /* AcuantMobileSDK.h */,
				AB44DB19F7224116B625FF3C /* UIImage+CropScaleOrientation.m */,
				C7C36512F22C496BB87D9D94 /* CDVCamera.m */,
				BABD3C0BF7634BFC92B5AD14 /* CDVJpegHeaderWriter.m */,
				4B2B049E0D3C46F98C29420C /* UIImage+CropScaleOrientation.h */,
				C220330F70C047649B7CA034 /* CDVCamera.h */,
				D2CF7E02AB8C4F36856869CB /* CDVJpegHeaderWriter.h */,
				616E41C8507A44959312009E /* CDVExif.h */,
				61C719C082254D61B7D23FAA /* CDVLogger.m */,
				4605A4CDB4E04288A9979423 /* CDVLogger.h */,
				AA20E486723544DB97E9AC90 /* CDVConnection.m */,
				2542D9780A8A4466A420C484 /* CDVReachability.m */,
				DB6C32E4878A49F0A2FBFE55 /* CDVConnection.h */,
				8C40E281138F44E4A946703D /* CDVReachability.h */,
				07500C36459F49C6B2C571AF /* CDVNotification.m */,
				B2CE8AE169C840018152860E /* CDVNotification.h */,
			);
			name = Plugins;
			path = AcuantHybridSampleSDK/Plugins;
			sourceTree = SOURCE_ROOT;
		};
		EB87FDF11871DA420020F90C /* Staging */ = {
			isa = PBXGroup;
			children = (
				F840E1F0165FE0F500CFE078 /* config.xml */,
				301BF56E109A69640062928A /* www */,
			);
			name = Staging;
			sourceTree = "<group>";
		};
/* End PBXGroup section */

/* Begin PBXNativeTarget section */
		1D6058900D05DD3D006BFB54 /* AcuantHybridSampleSDK */ = {
			isa = PBXNativeTarget;
			buildConfigurationList = 1D6058960D05DD3E006BFB54 /* Build configuration list for PBXNativeTarget "AcuantHybridSampleSDK" */;
			buildPhases = (
				304B58A110DAC018002A0835 /* Copy www directory */,
				1D60588D0D05DD3D006BFB54 /* Resources */,
				1D60588E0D05DD3D006BFB54 /* Sources */,
				1D60588F0D05DD3D006BFB54 /* Frameworks */,
				13443FF11F4C96620083F234 /* Embed Frameworks */,
			);
			buildRules = (
			);
			dependencies = (
				301BF551109A68C00062928A /* PBXTargetDependency */,
			);
			name = AcuantHybridSampleSDK;
			productName = AcuantHybridSampleSDK;
			productReference = 1D6058910D05DD3D006BFB54 /* AcuantHybridSampleSDK.app */;
			productType = "com.apple.product-type.application";
		};
/* End PBXNativeTarget section */

/* Begin PBXProject section */
		29B97313FDCFA39411CA2CEA /* Project object */ = {
			isa = PBXProject;
			attributes = {
				LastUpgradeCheck = 510;
				TargetAttributes = {
					1D6058900D05DD3D006BFB54 = {
						DevelopmentTeam = E67326HC5Q;
						ProvisioningStyle = Automatic;
					};
				};
			};
			buildConfigurationList = C01FCF4E08A954540054247B /* Build configuration list for PBXProject "AcuantHybridSampleSDK" */;
			compatibilityVersion = "Xcode 3.2";
			developmentRegion = English;
			hasScannedForEncodings = 1;
			knownRegions = (
				en,
			);
			mainGroup = 29B97314FDCFA39411CA2CEA /* CustomTemplate */;
			projectDirPath = "";
			projectReferences = (
				{
					ProductGroup = 301BF52E109A57CC0062928A /* Products */;
					ProjectRef = 301BF52D109A57CC0062928A /* CordovaLib/CordovaLib.xcodeproj */;
				},
			);
			projectRoot = "";
			targets = (
				1D6058900D05DD3D006BFB54 /* AcuantHybridSampleSDK */,
			);
		};
/* End PBXProject section */

/* Begin PBXReferenceProxy section */
		13443FEC1F4C95F10083F234 /* Cordova.framework */ = {
			isa = PBXReferenceProxy;
			fileType = wrapper.framework;
			path = Cordova.framework;
			remoteRef = 13443FEB1F4C95F10083F234 /* PBXContainerItemProxy */;
			sourceTree = BUILT_PRODUCTS_DIR;
		};
		301BF535109A57CC0062928A /* libCordova.a */ = {
			isa = PBXReferenceProxy;
			fileType = archive.ar;
			path = libCordova.a;
			remoteRef = 301BF534109A57CC0062928A /* PBXContainerItemProxy */;
			sourceTree = BUILT_PRODUCTS_DIR;
		};
/* End PBXReferenceProxy section */

/* Begin PBXResourcesBuildPhase section */
		1D60588D0D05DD3D006BFB54 /* Resources */ = {
			isa = PBXResourcesBuildPhase;
			buildActionMask = 2147483647;
			files = (
				13443FF31F4C96780083F234 /* MicroBlink.bundle in Resources */,
				302D95F214D2391D003F00A1 /* MainViewController.xib in Resources */,
				0207DA581B56EA530066E2B4 /* Images.xcassets in Resources */,
				6AFF5BF91D6E424B00AB3073 /* CDVLaunchScreen.storyboard in Resources */,
				95363E6650DC48478C1DD891 /* CDVNotification.bundle in Resources */,
			);
			runOnlyForDeploymentPostprocessing = 0;
		};
/* End PBXResourcesBuildPhase section */

/* Begin PBXShellScriptBuildPhase section */
		304B58A110DAC018002A0835 /* Copy www directory */ = {
			isa = PBXShellScriptBuildPhase;
			buildActionMask = 2147483647;
			files = (
			);
			inputPaths = (
			);
			name = "Copy www directory";
			outputPaths = (
			);
			runOnlyForDeploymentPostprocessing = 0;
			shellPath = /bin/sh;
			shellScript = "NODEJS_PATH=/usr/local/bin; NVM_NODE_PATH=~/.nvm/versions/node/`nvm version 2>/dev/null`/bin; N_NODE_PATH=`find /usr/local/n/versions/node/* -maxdepth 0 -type d 2>/dev/null | tail -1`/bin; XCODE_NODE_PATH=`xcode-select --print-path`/usr/share/xcs/Node/bin; PATH=$NODEJS_PATH:$NVM_NODE_PATH:$N_NODE_PATH:$XCODE_NODE_PATH:$PATH && node cordova/lib/copy-www-build-step.js";
			showEnvVarsInLog = 0;
		};
/* End PBXShellScriptBuildPhase section */

/* Begin PBXSourcesBuildPhase section */
		1D60588E0D05DD3D006BFB54 /* Sources */ = {
			isa = PBXSourcesBuildPhase;
			buildActionMask = 2147483647;
			files = (
				1D60589B0D05DD56006BFB54 /* main.m in Sources */,
				1D3623260D0F684500981E51 /* AppDelegate.m in Sources */,
				302D95F114D2391D003F00A1 /* MainViewController.m in Sources */,
				493FA17AD44C41CE92F13EE5 /* AcuantMobileSDK.m in Sources */,
				4982D9D8EF9A43779C97424A /* UIImage+CropScaleOrientation.m in Sources */,
				CFB0F22A1FAE43F59D29772A /* CDVCamera.m in Sources */,
				7AAFF1D5679747A192AFF2E5 /* CDVJpegHeaderWriter.m in Sources */,
				23E702F6297B49D8B52800D7 /* CDVLogger.m in Sources */,
				E40782CD115E478ABE4BF11A /* CDVConnection.m in Sources */,
				B51D210C6CA5415E929B5550 /* CDVReachability.m in Sources */,
				C5E2FF475AEA408A8104FD79 /* CDVNotification.m in Sources */,
			);
			runOnlyForDeploymentPostprocessing = 0;
		};
/* End PBXSourcesBuildPhase section */

/* Begin PBXTargetDependency section */
		301BF551109A68C00062928A /* PBXTargetDependency */ = {
			isa = PBXTargetDependency;
			name = CordovaLib;
			targetProxy = 301BF550109A68C00062928A /* PBXContainerItemProxy */;
		};
/* End PBXTargetDependency section */

/* Begin XCBuildConfiguration section */
		1D6058940D05DD3E006BFB54 /* Debug */ = {
			isa = XCBuildConfiguration;
			baseConfigurationReference = 3047A50F1AB8059700498E2A /* build-debug.xcconfig */;
			buildSettings = {
				ALWAYS_SEARCH_USER_PATHS = NO;
				ASSETCATALOG_COMPILER_APPICON_NAME = AppIcon;
				ASSETCATALOG_COMPILER_LAUNCHIMAGE_NAME = LaunchImage;
				CLANG_ENABLE_MODULES = YES;
				CLANG_ENABLE_OBJC_ARC = YES;
				"CODE_SIGN_IDENTITY[sdk=iphoneos*]" = "iPhone Developer";
				COPY_PHASE_STRIP = NO;
				DEVELOPMENT_TEAM = E67326HC5Q;
				FRAMEWORK_SEARCH_PATHS = (
					"$(inherited)",
					AcuantHybridSampleSDK/Plugins/com.acuant.plugin.AcuantMobileSDK,
					"$(PROJECT_DIR)/AcuantHybridSampleSDK/Plugins/com.acuant.plugin.AcuantMobileSDK/AcuantMobileSDK.framework/Resources/Frameworks",
				);
				GCC_DYNAMIC_NO_PIC = NO;
				GCC_OPTIMIZATION_LEVEL = 0;
				GCC_PRECOMPILE_PREFIX_HEADER = YES;
				GCC_PREFIX_HEADER = "AcuantHybridSampleSDK/AcuantHybridSampleSDK-Prefix.pch";
				GCC_THUMB_SUPPORT = NO;
				GCC_VERSION = "";
				INFOPLIST_FILE = "AcuantHybridSampleSDK/AcuantHybridSampleSDK-Info.plist";
				IPHONEOS_DEPLOYMENT_TARGET = 8.0;
				LD_RUNPATH_SEARCH_PATHS = "@executable_path/Frameworks";
				PRODUCT_NAME = AcuantHybridSampleSDK;
				PROVISIONING_PROFILE = "";
				PROVISIONING_PROFILE_SPECIFIER = "";
				TARGETED_DEVICE_FAMILY = "1,2";
			};
			name = Debug;
		};
		1D6058950D05DD3E006BFB54 /* Release */ = {
			isa = XCBuildConfiguration;
			baseConfigurationReference = 3047A5101AB8059700498E2A /* build-release.xcconfig */;
			buildSettings = {
				ALWAYS_SEARCH_USER_PATHS = NO;
				ASSETCATALOG_COMPILER_APPICON_NAME = AppIcon;
				ASSETCATALOG_COMPILER_LAUNCHIMAGE_NAME = LaunchImage;
				CLANG_ENABLE_MODULES = YES;
				CLANG_ENABLE_OBJC_ARC = YES;
				"CODE_SIGN_IDENTITY[sdk=iphoneos*]" = "iPhone Developer";
				COPY_PHASE_STRIP = YES;
				DEVELOPMENT_TEAM = E67326HC5Q;
				FRAMEWORK_SEARCH_PATHS = (
					"$(inherited)",
					AcuantHybridSampleSDK/Plugins/com.acuant.plugin.AcuantMobileSDK,
					"$(PROJECT_DIR)/AcuantHybridSampleSDK/Plugins/com.acuant.plugin.AcuantMobileSDK/AcuantMobileSDK.framework/Resources/Frameworks",
				);
				GCC_PRECOMPILE_PREFIX_HEADER = YES;
				GCC_PREFIX_HEADER = "AcuantHybridSampleSDK/AcuantHybridSampleSDK-Prefix.pch";
				GCC_THUMB_SUPPORT = NO;
				GCC_VERSION = "";
				INFOPLIST_FILE = "AcuantHybridSampleSDK/AcuantHybridSampleSDK-Info.plist";
				IPHONEOS_DEPLOYMENT_TARGET = 8.0;
				LD_RUNPATH_SEARCH_PATHS = "@executable_path/Frameworks";
				PRODUCT_NAME = AcuantHybridSampleSDK;
				PROVISIONING_PROFILE = "";
				PROVISIONING_PROFILE_SPECIFIER = "";
				TARGETED_DEVICE_FAMILY = "1,2";
			};
			name = Release;
		};
		C01FCF4F08A954540054247B /* Debug */ = {
			isa = XCBuildConfiguration;
			baseConfigurationReference = 3047A5111AB8059700498E2A /* build.xcconfig */;
			buildSettings = {
				ASSETCATALOG_COMPILER_LAUNCHIMAGE_NAME = LaunchImage;
				CLANG_ENABLE_MODULES = YES;
				CLANG_ENABLE_OBJC_ARC = YES;
				CLANG_WARN_BOOL_CONVERSION = YES;
				CLANG_WARN_CONSTANT_CONVERSION = YES;
				CLANG_WARN_EMPTY_BODY = YES;
				CLANG_WARN_ENUM_CONVERSION = YES;
				CLANG_WARN_INT_CONVERSION = YES;
				CLANG_WARN__DUPLICATE_METHOD_MATCH = YES;
				GCC_C_LANGUAGE_STANDARD = c99;
				GCC_THUMB_SUPPORT = NO;
				GCC_VERSION = "";
				GCC_WARN_ABOUT_RETURN_TYPE = YES;
				GCC_WARN_UNDECLARED_SELECTOR = YES;
				GCC_WARN_UNINITIALIZED_AUTOS = YES;
				GCC_WARN_UNUSED_FUNCTION = YES;
				GCC_WARN_UNUSED_VARIABLE = YES;
				IPHONEOS_DEPLOYMENT_TARGET = 8.0;
				ONLY_ACTIVE_ARCH = YES;
				SDKROOT = iphoneos;
				SKIP_INSTALL = NO;
			};
			name = Debug;
		};
		C01FCF5008A954540054247B /* Release */ = {
			isa = XCBuildConfiguration;
			baseConfigurationReference = 3047A5111AB8059700498E2A /* build.xcconfig */;
			buildSettings = {
				ASSETCATALOG_COMPILER_LAUNCHIMAGE_NAME = LaunchImage;
				CLANG_ENABLE_MODULES = YES;
				CLANG_ENABLE_OBJC_ARC = YES;
				CLANG_WARN_BOOL_CONVERSION = YES;
				CLANG_WARN_CONSTANT_CONVERSION = YES;
				CLANG_WARN_EMPTY_BODY = YES;
				CLANG_WARN_ENUM_CONVERSION = YES;
				CLANG_WARN_INT_CONVERSION = YES;
				CLANG_WARN__DUPLICATE_METHOD_MATCH = YES;
				GCC_C_LANGUAGE_STANDARD = c99;
				GCC_THUMB_SUPPORT = NO;
				GCC_VERSION = "";
				GCC_WARN_ABOUT_RETURN_TYPE = YES;
				GCC_WARN_UNDECLARED_SELECTOR = YES;
				GCC_WARN_UNINITIALIZED_AUTOS = YES;
				GCC_WARN_UNUSED_FUNCTION = YES;
				GCC_WARN_UNUSED_VARIABLE = YES;
				IPHONEOS_DEPLOYMENT_TARGET = 8.0;
				SDKROOT = iphoneos;
				SKIP_INSTALL = NO;
			};
			name = Release;
		};
/* End XCBuildConfiguration section */

/* Begin XCConfigurationList section */
		1D6058960D05DD3E006BFB54 /* Build configuration list for PBXNativeTarget "AcuantHybridSampleSDK" */ = {
			isa = XCConfigurationList;
			buildConfigurations = (
				1D6058940D05DD3E006BFB54 /* Debug */,
				1D6058950D05DD3E006BFB54 /* Release */,
			);
			defaultConfigurationIsVisible = 0;
			defaultConfigurationName = Release;
		};
		C01FCF4E08A954540054247B /* Build configuration list for PBXProject "AcuantHybridSampleSDK" */ = {
			isa = XCConfigurationList;
			buildConfigurations = (
				C01FCF4F08A954540054247B /* Debug */,
				C01FCF5008A954540054247B /* Release */,
			);
			defaultConfigurationIsVisible = 0;
			defaultConfigurationName = Release;
		};
/* End XCConfigurationList section */
	};
	rootObject = 29B97313FDCFA39411CA2CEA /* Project object */;
}
