// !$*UTF8*$!
{
	archiveVersion = 1;
	classes = {
	};
	objectVersion = 46;
	objects = {
/* Begin PBXBuildFile section */
		0207DA581B56EA530066E2B4 /* Images.xcassets in Resources */ = {isa = PBXBuildFile; fileRef = 0207DA571B56EA530066E2B4 /* Images.xcassets */; };
		0715E5B6C7B34226930FC25E /* CoreMedia.framework in Frameworks */ = {isa = PBXBuildFile; fileRef = FB9859D667C94205B8C35032 /* CoreMedia.framework */; };
		174D6009193946489D8E5534 /* QuartzCore.framework in Frameworks */ = {isa = PBXBuildFile; fileRef = 47CDC4D43F9A49DCBD849E5D /* QuartzCore.framework */; };
		1D3623260D0F684500981E51 /* AppDelegate.m in Sources */ = {isa = PBXBuildFile; fileRef = 1D3623250D0F684500981E51 /* AppDelegate.m */; };
		1D60589B0D05DD56006BFB54 /* main.m in Sources */ = {isa = PBXBuildFile; fileRef = 29B97316FDCFA39411CA2CEA /* main.m */; };
		1ED631537F5F4CFBBC9BD1E2 /* CDVNotification.bundle in Resources */ = {isa = PBXBuildFile; fileRef = 25AAE2CB4CEF4F78B2EE11D1 /* CDVNotification.bundle */; };
		2C56EF222F2F482087E0022D /* CDVCamera.m in Sources */ = {isa = PBXBuildFile; fileRef = D87D09B359E5403DAC9C8D8F /* CDVCamera.m */; };
		301BF552109A68D80062928A /* libCordova.a in Frameworks */ = {isa = PBXBuildFile; fileRef = 301BF535109A57CC0062928A /* libCordova.a */; };
		302D95F114D2391D003F00A1 /* MainViewController.m in Sources */ = {isa = PBXBuildFile; fileRef = 302D95EF14D2391D003F00A1 /* MainViewController.m */; };
		302D95F214D2391D003F00A1 /* MainViewController.xib in Resources */ = {isa = PBXBuildFile; fileRef = 302D95F014D2391D003F00A1 /* MainViewController.xib */; };
		371FB6E88E4447C692752280 /* libz.dylib in Frameworks */ = {isa = PBXBuildFile; fileRef = 2B8F23CA5ECD49AF8C7EDA7D /* libz.dylib */; };
		3730011B2A7E43EAA376002D /* SystemConfiguration.framework in Frameworks */ = {isa = PBXBuildFile; fileRef = 40EE08FF59E442528D0B2513 /* SystemConfiguration.framework */; };
		485FE69798BB4D48B59F98CA /* CDVNotification.m in Sources */ = {isa = PBXBuildFile; fileRef = 6E2FF2847AC5406AB58C3448 /* CDVNotification.m */; };
		52B5BC70E32C4559B47E1D02 /* UIImage+CropScaleOrientation.m in Sources */ = {isa = PBXBuildFile; fileRef = 2E48734126B24E7CACF17522 /* UIImage+CropScaleOrientation.m */; };
		57F6851AAC6B487CA33FC924 /* CDVConnection.m in Sources */ = {isa = PBXBuildFile; fileRef = 8998AF23A9AD4FFC8C297CBF /* CDVConnection.m */; };
		6336BD478C6B4D32ACDDA87D /* libc++.dylib in Frameworks */ = {isa = PBXBuildFile; fileRef = 6586B9EB9CA146E895F3B45A /* libc++.dylib */; };
		677BE9640B994A0182277C4F /* CDVLogger.m in Sources */ = {isa = PBXBuildFile; fileRef = 191F8ED9EED04B9C9C98FE3D /* CDVLogger.m */; };
		6E828771EF6943C3803CB2FF /* AudioToolbox.framework in Frameworks */ = {isa = PBXBuildFile; fileRef = 1467D92D49D74AC992667A95 /* AudioToolbox.framework */; };
		7897B1E73D384B8EB966374F /* CDVJpegHeaderWriter.m in Sources */ = {isa = PBXBuildFile; fileRef = FCEF44A905B8401FBF02EAAB /* CDVJpegHeaderWriter.m */; };
		7D3B01A4241B40EE8ABE5AC4 /* CoreTelephony.framework in Frameworks */ = {isa = PBXBuildFile; fileRef = 6FD5D42D00F1422688FD2E0D /* CoreTelephony.framework */; };
		883E47C1C807495FA97C0F44 /* CoreVideo.framework in Frameworks */ = {isa = PBXBuildFile; fileRef = D7BE4E28DD854290885FFBC4 /* CoreVideo.framework */; };
		9663C7CE8AAA419983865C8B /* AVFoundation.framework in Frameworks */ = {isa = PBXBuildFile; fileRef = 180761907B174205934CD48C /* AVFoundation.framework */; };
		AC6214F155AB43BDA87F7962 /* libiconv.dylib in Frameworks */ = {isa = PBXBuildFile; fileRef = 242FDFA80F0F46A3BC22E326 /* libiconv.dylib */; };
		B17667CCD94C4F3D9A061DAD /* CoreLocation.framework in Frameworks */ = {isa = PBXBuildFile; fileRef = DD2070B741114E1FAC7DB252 /* CoreLocation.framework */; };
		B428E86A450A40B1A9F4F08A /* CDVReachability.m in Sources */ = {isa = PBXBuildFile; fileRef = A234B28A5BD9456A9E8AA871 /* CDVReachability.m */; };
		F77931D1AE5B46BD84EE7B3C /* ImageIO.framework in Frameworks */ = {isa = PBXBuildFile; fileRef = 4F312110460841BFAFCCA934 /* ImageIO.framework */; settings = {ATTRIBUTES = (Weak, ); }; };
		4441500DE90943928E14A136 /* AcuantMobileSDK.m in Sources */ = {isa = PBXBuildFile; fileRef = E6D1D26D15B64B06915B154E /* AcuantMobileSDK.m */; };
		DDDB1B281A5A4C6AB742C880 /* AcuantMobileSDK.framework in Frameworks */ = {isa = PBXBuildFile; fileRef = 773576580CEF441C8B2B3BFE /* AcuantMobileSDK.framework */; };
/* End PBXBuildFile section */

/* Begin PBXContainerItemProxy section */
		301BF534109A57CC0062928A /* PBXContainerItemProxy */ = {
			isa = PBXContainerItemProxy;
			containerPortal = 301BF52D109A57CC0062928A /* CordovaLib.xcodeproj */;
			proxyType = 2;
			remoteGlobalIDString = D2AAC07E0554694100DB518D;
			remoteInfo = CordovaLib;
		};
		301BF550109A68C00062928A /* PBXContainerItemProxy */ = {
			isa = PBXContainerItemProxy;
			containerPortal = 301BF52D109A57CC0062928A /* CordovaLib.xcodeproj */;
			proxyType = 1;
			remoteGlobalIDString = D2AAC07D0554694100DB518D;
			remoteInfo = CordovaLib;
		};
/* End PBXContainerItemProxy section */

/* Begin PBXFileReference section */
		0207DA571B56EA530066E2B4 /* Images.xcassets */ = {isa = PBXFileReference; lastKnownFileType = folder.assetcatalog; name = Images.xcassets; path = AcuantHybridSampleSDK/Images.xcassets; sourceTree = SOURCE_ROOT; };
		1467D92D49D74AC992667A95 /* AudioToolbox.framework */ = {isa = PBXFileReference; explicitFileType = undefined; fileEncoding = 9; includeInIndex = 0; lastKnownFileType = wrapper.framework; name = AudioToolbox.framework; path = System/Library/Frameworks/AudioToolbox.framework; sourceTree = SDKROOT; };
		180761907B174205934CD48C /* AVFoundation.framework */ = {isa = PBXFileReference; explicitFileType = undefined; fileEncoding = 9; includeInIndex = 0; lastKnownFileType = wrapper.framework; name = AVFoundation.framework; path = System/Library/Frameworks/AVFoundation.framework; sourceTree = SDKROOT; };
		191F8ED9EED04B9C9C98FE3D /* CDVLogger.m */ = {isa = PBXFileReference; explicitFileType = undefined; fileEncoding = 4; includeInIndex = 0; lastKnownFileType = sourcecode.c.objc; name = CDVLogger.m; path = "cordova-plugin-console/CDVLogger.m"; sourceTree = "<group>"; };
		1D3623240D0F684500981E51 /* AppDelegate.h */ = {isa = PBXFileReference; fileEncoding = 4; lastKnownFileType = sourcecode.c.h; path = AppDelegate.h; sourceTree = "<group>"; };
		1D3623250D0F684500981E51 /* AppDelegate.m */ = {isa = PBXFileReference; fileEncoding = 4; lastKnownFileType = sourcecode.c.objc; path = AppDelegate.m; sourceTree = "<group>"; };
		1D6058910D05DD3D006BFB54 /* AcuantHybridSampleSDK.app */ = {isa = PBXFileReference; explicitFileType = wrapper.application; includeInIndex = 0; path = AcuantHybridSampleSDK.app; sourceTree = BUILT_PRODUCTS_DIR; };
		2336916D1E80457BABDCAB1B /* CDVNotification.h */ = {isa = PBXFileReference; explicitFileType = undefined; fileEncoding = 4; includeInIndex = 0; lastKnownFileType = sourcecode.c.h; name = CDVNotification.h; path = "cordova-plugin-dialogs/CDVNotification.h"; sourceTree = "<group>"; };
		2340B67D3A9C463BB58F6042 /* CDVReachability.h */ = {isa = PBXFileReference; explicitFileType = undefined; fileEncoding = 4; includeInIndex = 0; lastKnownFileType = sourcecode.c.h; name = CDVReachability.h; path = "cordova-plugin-network-information/CDVReachability.h"; sourceTree = "<group>"; };
		242FDFA80F0F46A3BC22E326 /* libiconv.dylib */ = {isa = PBXFileReference; explicitFileType = undefined; fileEncoding = 9; includeInIndex = 0; lastKnownFileType = "compiled.mach-o.dylib"; name = libiconv.dylib; path = usr/lib/libiconv.dylib; sourceTree = SDKROOT; };
		25AAE2CB4CEF4F78B2EE11D1 /* CDVNotification.bundle */ = {isa = PBXFileReference; explicitFileType = undefined; fileEncoding = 9; includeInIndex = 0; lastKnownFileType = "wrapper.plug-in"; path = CDVNotification.bundle; sourceTree = "<group>"; };
		29B97316FDCFA39411CA2CEA /* main.m */ = {isa = PBXFileReference; fileEncoding = 4; lastKnownFileType = sourcecode.c.objc; path = main.m; sourceTree = "<group>"; };
		2B8F23CA5ECD49AF8C7EDA7D /* libz.dylib */ = {isa = PBXFileReference; explicitFileType = undefined; fileEncoding = 9; includeInIndex = 0; lastKnownFileType = "compiled.mach-o.dylib"; name = libz.dylib; path = usr/lib/libz.dylib; sourceTree = SDKROOT; };
		2E48734126B24E7CACF17522 /* UIImage+CropScaleOrientation.m */ = {isa = PBXFileReference; explicitFileType = undefined; fileEncoding = 4; includeInIndex = 0; lastKnownFileType = sourcecode.c.objc; name = "UIImage+CropScaleOrientation.m"; path = "cordova-plugin-camera/UIImage+CropScaleOrientation.m"; sourceTree = "<group>"; };
		301BF52D109A57CC0062928A /* CordovaLib.xcodeproj */ = {isa = PBXFileReference; lastKnownFileType = "wrapper.pb-project"; name = CordovaLib.xcodeproj; path = CordovaLib/CordovaLib.xcodeproj; sourceTree = "<group>"; };
		301BF56E109A69640062928A /* www */ = {isa = PBXFileReference; lastKnownFileType = folder; path = www; sourceTree = SOURCE_ROOT; };
		302D95EE14D2391D003F00A1 /* MainViewController.h */ = {isa = PBXFileReference; fileEncoding = 4; lastKnownFileType = sourcecode.c.h; path = MainViewController.h; sourceTree = "<group>"; };
		302D95EF14D2391D003F00A1 /* MainViewController.m */ = {isa = PBXFileReference; fileEncoding = 4; lastKnownFileType = sourcecode.c.objc; path = MainViewController.m; sourceTree = "<group>"; };
		302D95F014D2391D003F00A1 /* MainViewController.xib */ = {isa = PBXFileReference; fileEncoding = 4; lastKnownFileType = file.xib; path = MainViewController.xib; sourceTree = "<group>"; };
		3047A50F1AB8059700498E2A /* build-debug.xcconfig */ = {isa = PBXFileReference; fileEncoding = 4; lastKnownFileType = text.xcconfig; name = "build-debug.xcconfig"; path = "cordova/build-debug.xcconfig"; sourceTree = SOURCE_ROOT; };
		3047A5101AB8059700498E2A /* build-release.xcconfig */ = {isa = PBXFileReference; fileEncoding = 4; lastKnownFileType = text.xcconfig; name = "build-release.xcconfig"; path = "cordova/build-release.xcconfig"; sourceTree = SOURCE_ROOT; };
		3047A5111AB8059700498E2A /* build.xcconfig */ = {isa = PBXFileReference; fileEncoding = 4; lastKnownFileType = text.xcconfig; name = build.xcconfig; path = cordova/build.xcconfig; sourceTree = SOURCE_ROOT; };
		32CA4F630368D1EE00C91783 /* AcuantHybridSampleSDK-Prefix.pch */ = {isa = PBXFileReference; fileEncoding = 4; lastKnownFileType = sourcecode.c.h; path = "AcuantHybridSampleSDK-Prefix.pch"; sourceTree = "<group>"; };
		388A4D88B69C415CB732A084 /* CDVLogger.h */ = {isa = PBXFileReference; explicitFileType = undefined; fileEncoding = 4; includeInIndex = 0; lastKnownFileType = sourcecode.c.h; name = CDVLogger.h; path = "cordova-plugin-console/CDVLogger.h"; sourceTree = "<group>"; };
		40EE08FF59E442528D0B2513 /* SystemConfiguration.framework */ = {isa = PBXFileReference; explicitFileType = undefined; fileEncoding = 9; includeInIndex = 0; lastKnownFileType = wrapper.framework; name = SystemConfiguration.framework; path = System/Library/Frameworks/SystemConfiguration.framework; sourceTree = SDKROOT; };
		47CDC4D43F9A49DCBD849E5D /* QuartzCore.framework */ = {isa = PBXFileReference; explicitFileType = undefined; fileEncoding = 9; includeInIndex = 0; lastKnownFileType = wrapper.framework; name = QuartzCore.framework; path = System/Library/Frameworks/QuartzCore.framework; sourceTree = SDKROOT; };
		4F312110460841BFAFCCA934 /* ImageIO.framework */ = {isa = PBXFileReference; explicitFileType = undefined; fileEncoding = 9; includeInIndex = 0; lastKnownFileType = wrapper.framework; name = ImageIO.framework; path = System/Library/Frameworks/ImageIO.framework; sourceTree = SDKROOT; };
		6586B9EB9CA146E895F3B45A /* libc++.dylib */ = {isa = PBXFileReference; explicitFileType = undefined; fileEncoding = 9; includeInIndex = 0; lastKnownFileType = "compiled.mach-o.dylib"; name = "libc++.dylib"; path = "usr/lib/libc++.dylib"; sourceTree = SDKROOT; };
		6E2FF2847AC5406AB58C3448 /* CDVNotification.m */ = {isa = PBXFileReference; explicitFileType = undefined; fileEncoding = 4; includeInIndex = 0; lastKnownFileType = sourcecode.c.objc; name = CDVNotification.m; path = "cordova-plugin-dialogs/CDVNotification.m"; sourceTree = "<group>"; };
		6FD5D42D00F1422688FD2E0D /* CoreTelephony.framework */ = {isa = PBXFileReference; explicitFileType = undefined; fileEncoding = 9; includeInIndex = 0; lastKnownFileType = wrapper.framework; name = CoreTelephony.framework; path = System/Library/Frameworks/CoreTelephony.framework; sourceTree = SDKROOT; };
		892A9D3568AA45BA8A3EBF28 /* UIImage+CropScaleOrientation.h */ = {isa = PBXFileReference; explicitFileType = undefined; fileEncoding = 4; includeInIndex = 0; lastKnownFileType = sourcecode.c.h; name = "UIImage+CropScaleOrientation.h"; path = "cordova-plugin-camera/UIImage+CropScaleOrientation.h"; sourceTree = "<group>"; };
		8998AF23A9AD4FFC8C297CBF /* CDVConnection.m */ = {isa = PBXFileReference; explicitFileType = undefined; fileEncoding = 4; includeInIndex = 0; lastKnownFileType = sourcecode.c.objc; name = CDVConnection.m; path = "cordova-plugin-network-information/CDVConnection.m"; sourceTree = "<group>"; };
		8D1107310486CEB800E47090 /* AcuantHybridSampleSDK-Info.plist */ = {isa = PBXFileReference; fileEncoding = 4; lastKnownFileType = text.plist.xml; name = "AcuantHybridSampleSDK-Info.plist"; path = "AcuantHybridSampleSDK/AcuantHybridSampleSDK-Info.plist"; plistStructureDefinitionIdentifier = "com.apple.xcode.plist.structure-definition.iphone.info-plist"; sourceTree = SOURCE_ROOT; };
		A234B28A5BD9456A9E8AA871 /* CDVReachability.m */ = {isa = PBXFileReference; explicitFileType = undefined; fileEncoding = 4; includeInIndex = 0; lastKnownFileType = sourcecode.c.objc; name = CDVReachability.m; path = "cordova-plugin-network-information/CDVReachability.m"; sourceTree = "<group>"; };
		B02423F93161414989CE54A8 /* CDVCamera.h */ = {isa = PBXFileReference; explicitFileType = undefined; fileEncoding = 4; includeInIndex = 0; lastKnownFileType = sourcecode.c.h; name = CDVCamera.h; path = "cordova-plugin-camera/CDVCamera.h"; sourceTree = "<group>"; };
		B3EBC562F06048B291E1B5AE /* CDVConnection.h */ = {isa = PBXFileReference; explicitFileType = undefined; fileEncoding = 4; includeInIndex = 0; lastKnownFileType = sourcecode.c.h; name = CDVConnection.h; path = "cordova-plugin-network-information/CDVConnection.h"; sourceTree = "<group>"; };
		BB4A8BA0885248B29AEC727E /* CDVExif.h */ = {isa = PBXFileReference; explicitFileType = undefined; fileEncoding = 4; includeInIndex = 0; lastKnownFileType = sourcecode.c.h; name = CDVExif.h; path = "cordova-plugin-camera/CDVExif.h"; sourceTree = "<group>"; };
		D3F442BBA53A42B18DD91336 /* CDVJpegHeaderWriter.h */ = {isa = PBXFileReference; explicitFileType = undefined; fileEncoding = 4; includeInIndex = 0; lastKnownFileType = sourcecode.c.h; name = CDVJpegHeaderWriter.h; path = "cordova-plugin-camera/CDVJpegHeaderWriter.h"; sourceTree = "<group>"; };
		D7BE4E28DD854290885FFBC4 /* CoreVideo.framework */ = {isa = PBXFileReference; explicitFileType = undefined; fileEncoding = 9; includeInIndex = 0; lastKnownFileType = wrapper.framework; name = CoreVideo.framework; path = System/Library/Frameworks/CoreVideo.framework; sourceTree = SDKROOT; };
		D87D09B359E5403DAC9C8D8F /* CDVCamera.m */ = {isa = PBXFileReference; explicitFileType = undefined; fileEncoding = 4; includeInIndex = 0; lastKnownFileType = sourcecode.c.objc; name = CDVCamera.m; path = "cordova-plugin-camera/CDVCamera.m"; sourceTree = "<group>"; };
		DD2070B741114E1FAC7DB252 /* CoreLocation.framework */ = {isa = PBXFileReference; explicitFileType = undefined; fileEncoding = 9; includeInIndex = 0; lastKnownFileType = wrapper.framework; name = CoreLocation.framework; path = System/Library/Frameworks/CoreLocation.framework; sourceTree = SDKROOT; };
		EB87FDF31871DA8E0020F90C /* www */ = {isa = PBXFileReference; lastKnownFileType = folder; name = www; path = ../../www; sourceTree = "<group>"; };
		EB87FDF41871DAF40020F90C /* config.xml */ = {isa = PBXFileReference; lastKnownFileType = text.xml; name = config.xml; path = ../../config.xml; sourceTree = "<group>"; };
		ED33DF2A687741AEAF9F8254 /* Bridging-Header.h */ = {isa = PBXFileReference; fileEncoding = 4; lastKnownFileType = sourcecode.c.h; path = "Bridging-Header.h"; sourceTree = "<group>"; };
		F840E1F0165FE0F500CFE078 /* config.xml */ = {isa = PBXFileReference; lastKnownFileType = text.xml; name = config.xml; path = AcuantHybridSampleSDK/config.xml; sourceTree = "<group>"; };
		FB9859D667C94205B8C35032 /* CoreMedia.framework */ = {isa = PBXFileReference; explicitFileType = undefined; fileEncoding = 9; includeInIndex = 0; lastKnownFileType = wrapper.framework; name = CoreMedia.framework; path = System/Library/Frameworks/CoreMedia.framework; sourceTree = SDKROOT; };
		FCEF44A905B8401FBF02EAAB /* CDVJpegHeaderWriter.m */ = {isa = PBXFileReference; explicitFileType = undefined; fileEncoding = 4; includeInIndex = 0; lastKnownFileType = sourcecode.c.objc; name = CDVJpegHeaderWriter.m; path = "cordova-plugin-camera/CDVJpegHeaderWriter.m"; sourceTree = "<group>"; };
		E6D1D26D15B64B06915B154E /* AcuantMobileSDK.m */ = {isa = PBXFileReference; name = "AcuantMobileSDK.m"; path = "com.acuant.plugin.AcuantMobileSDK/AcuantMobileSDK.m"; sourceTree = "<group>"; fileEncoding = 4; lastKnownFileType = sourcecode.c.objc; explicitFileType = undefined; includeInIndex = 0; };
		B5A315809C834BF59EB2E39C /* AcuantMobileSDK.h */ = {isa = PBXFileReference; name = "AcuantMobileSDK.h"; path = "com.acuant.plugin.AcuantMobileSDK/AcuantMobileSDK.h"; sourceTree = "<group>"; fileEncoding = 4; lastKnownFileType = sourcecode.c.h; explicitFileType = undefined; includeInIndex = 0; };
		773576580CEF441C8B2B3BFE /* AcuantMobileSDK.framework */ = {isa = PBXFileReference; name = "AcuantMobileSDK.framework"; path = "AcuantHybridSampleSDK/Plugins/com.acuant.plugin.AcuantMobileSDK/AcuantMobileSDK.framework"; sourceTree = "<group>"; fileEncoding = undefined; lastKnownFileType = wrapper.framework; explicitFileType = undefined; includeInIndex = 0; };
/* End PBXFileReference section */

/* Begin PBXFrameworksBuildPhase section */
		1D60588F0D05DD3D006BFB54 /* Frameworks */ = {
			isa = PBXFrameworksBuildPhase;
			buildActionMask = 2147483647;
			files = (
				301BF552109A68D80062928A /* libCordova.a in Frameworks */,
				6336BD478C6B4D32ACDDA87D /* libc++.dylib in Frameworks */,
				371FB6E88E4447C692752280 /* libz.dylib in Frameworks */,
				AC6214F155AB43BDA87F7962 /* libiconv.dylib in Frameworks */,
				3730011B2A7E43EAA376002D /* SystemConfiguration.framework in Frameworks */,
				6E828771EF6943C3803CB2FF /* AudioToolbox.framework in Frameworks */,
				9663C7CE8AAA419983865C8B /* AVFoundation.framework in Frameworks */,
				0715E5B6C7B34226930FC25E /* CoreMedia.framework in Frameworks */,
				883E47C1C807495FA97C0F44 /* CoreVideo.framework in Frameworks */,
				174D6009193946489D8E5534 /* QuartzCore.framework in Frameworks */,
				F77931D1AE5B46BD84EE7B3C /* ImageIO.framework in Frameworks */,
				B17667CCD94C4F3D9A061DAD /* CoreLocation.framework in Frameworks */,
				7D3B01A4241B40EE8ABE5AC4 /* CoreTelephony.framework in Frameworks */,
				DDDB1B281A5A4C6AB742C880 /* AcuantMobileSDK.framework in Frameworks */,
			);
			runOnlyForDeploymentPostprocessing = 0;
		};
/* End PBXFrameworksBuildPhase section */

/* Begin PBXGroup section */
		080E96DDFE201D6D7F000001 /* Classes */ = {
			isa = PBXGroup;
			children = (
				302D95EE14D2391D003F00A1 /* MainViewController.h */,
				302D95EF14D2391D003F00A1 /* MainViewController.m */,
				302D95F014D2391D003F00A1 /* MainViewController.xib */,
				1D3623240D0F684500981E51 /* AppDelegate.h */,
				1D3623250D0F684500981E51 /* AppDelegate.m */,
			);
			name = Classes;
			path = AcuantHybridSampleSDK/Classes;
			sourceTree = SOURCE_ROOT;
		};
		19C28FACFE9D520D11CA2CBB /* Products */ = {
			isa = PBXGroup;
			children = (
				1D6058910D05DD3D006BFB54 /* AcuantHybridSampleSDK.app */,
			);
			name = Products;
			sourceTree = "<group>";
		};
		29B97314FDCFA39411CA2CEA /* CustomTemplate */ = {
			isa = PBXGroup;
			children = (
				EB87FDF41871DAF40020F90C /* config.xml */,
				EB87FDF31871DA8E0020F90C /* www */,
				EB87FDF11871DA420020F90C /* Staging */,
				301BF52D109A57CC0062928A /* CordovaLib.xcodeproj */,
				080E96DDFE201D6D7F000001 /* Classes */,
				307C750510C5A3420062BCA9 /* Plugins */,
				29B97315FDCFA39411CA2CEA /* Other Sources */,
				29B97317FDCFA39411CA2CEA /* Resources */,
				29B97323FDCFA39411CA2CEA /* Frameworks */,
				19C28FACFE9D520D11CA2CBB /* Products */,
			);
			name = CustomTemplate;
			sourceTree = "<group>";
		};
		29B97315FDCFA39411CA2CEA /* Other Sources */ = {
			isa = PBXGroup;
			children = (
				32CA4F630368D1EE00C91783 /* AcuantHybridSampleSDK-Prefix.pch */,
				29B97316FDCFA39411CA2CEA /* main.m */,
				ED33DF2A687741AEAF9F8254 /* Bridging-Header.h */,
			);
			name = "Other Sources";
			path = AcuantHybridSampleSDK;
			sourceTree = "<group>";
		};
		29B97317FDCFA39411CA2CEA /* Resources */ = {
			isa = PBXGroup;
			children = (
				0207DA571B56EA530066E2B4 /* Images.xcassets */,
				3047A50E1AB8057F00498E2A /* config */,
				8D1107310486CEB800E47090 /* AcuantHybridSampleSDK-Info.plist */,
				25AAE2CB4CEF4F78B2EE11D1 /* CDVNotification.bundle */,
			);
			name = Resources;
			path = AcuantHybridSampleSDK/Resources;
			sourceTree = "<group>";
		};
		29B97323FDCFA39411CA2CEA /* Frameworks */ = {
			isa = PBXGroup;
			children = (
				6586B9EB9CA146E895F3B45A /* libc++.dylib */,
				2B8F23CA5ECD49AF8C7EDA7D /* libz.dylib */,
				242FDFA80F0F46A3BC22E326 /* libiconv.dylib */,
				40EE08FF59E442528D0B2513 /* SystemConfiguration.framework */,
				1467D92D49D74AC992667A95 /* AudioToolbox.framework */,
				180761907B174205934CD48C /* AVFoundation.framework */,
				FB9859D667C94205B8C35032 /* CoreMedia.framework */,
				D7BE4E28DD854290885FFBC4 /* CoreVideo.framework */,
				47CDC4D43F9A49DCBD849E5D /* QuartzCore.framework */,
				4F312110460841BFAFCCA934 /* ImageIO.framework */,
				DD2070B741114E1FAC7DB252 /* CoreLocation.framework */,
				6FD5D42D00F1422688FD2E0D /* CoreTelephony.framework */,
				773576580CEF441C8B2B3BFE /* AcuantMobileSDK.framework */,
			);
			name = Frameworks;
			sourceTree = "<group>";
		};
		301BF52E109A57CC0062928A /* Products */ = {
			isa = PBXGroup;
			children = (
				301BF535109A57CC0062928A /* libCordova.a */,
			);
			name = Products;
			sourceTree = "<group>";
		};
		3047A50E1AB8057F00498E2A /* config */ = {
			isa = PBXGroup;
			children = (
				3047A50F1AB8059700498E2A /* build-debug.xcconfig */,
				3047A5101AB8059700498E2A /* build-release.xcconfig */,
				3047A5111AB8059700498E2A /* build.xcconfig */,
			);
			name = config;
			sourceTree = "<group>";
		};
		307C750510C5A3420062BCA9 /* Plugins */ = {
			isa = PBXGroup;
			children = (
				191F8ED9EED04B9C9C98FE3D /* CDVLogger.m */,
				388A4D88B69C415CB732A084 /* CDVLogger.h */,
				6E2FF2847AC5406AB58C3448 /* CDVNotification.m */,
				2336916D1E80457BABDCAB1B /* CDVNotification.h */,
				8998AF23A9AD4FFC8C297CBF /* CDVConnection.m */,
				A234B28A5BD9456A9E8AA871 /* CDVReachability.m */,
				B3EBC562F06048B291E1B5AE /* CDVConnection.h */,
				2340B67D3A9C463BB58F6042 /* CDVReachability.h */,
				2E48734126B24E7CACF17522 /* UIImage+CropScaleOrientation.m */,
				D87D09B359E5403DAC9C8D8F /* CDVCamera.m */,
				FCEF44A905B8401FBF02EAAB /* CDVJpegHeaderWriter.m */,
				892A9D3568AA45BA8A3EBF28 /* UIImage+CropScaleOrientation.h */,
				B02423F93161414989CE54A8 /* CDVCamera.h */,
				D3F442BBA53A42B18DD91336 /* CDVJpegHeaderWriter.h */,
				BB4A8BA0885248B29AEC727E /* CDVExif.h */,
				E6D1D26D15B64B06915B154E /* AcuantMobileSDK.m */,
				B5A315809C834BF59EB2E39C /* AcuantMobileSDK.h */,
			);
			name = Plugins;
			path = AcuantHybridSampleSDK/Plugins;
			sourceTree = SOURCE_ROOT;
		};
		EB87FDF11871DA420020F90C /* Staging */ = {
			isa = PBXGroup;
			children = (
				F840E1F0165FE0F500CFE078 /* config.xml */,
				301BF56E109A69640062928A /* www */,
			);
			name = Staging;
			sourceTree = "<group>";
		};
/* End PBXGroup section */

/* Begin PBXNativeTarget section */
		1D6058900D05DD3D006BFB54 /* AcuantHybridSampleSDK */ = {
			isa = PBXNativeTarget;
			buildConfigurationList = 1D6058960D05DD3E006BFB54 /* Build configuration list for PBXNativeTarget "AcuantHybridSampleSDK" */;
			buildPhases = (
				304B58A110DAC018002A0835 /* Copy www directory */,
				1D60588D0D05DD3D006BFB54 /* Resources */,
				1D60588E0D05DD3D006BFB54 /* Sources */,
				1D60588F0D05DD3D006BFB54 /* Frameworks */,
			);
			buildRules = (
			);
			dependencies = (
				301BF551109A68C00062928A /* PBXTargetDependency */,
			);
			name = AcuantHybridSampleSDK;
			productName = AcuantHybridSampleSDK;
			productReference = 1D6058910D05DD3D006BFB54 /* AcuantHybridSampleSDK.app */;
			productType = "com.apple.product-type.application";
		};
/* End PBXNativeTarget section */

/* Begin PBXProject section */
		29B97313FDCFA39411CA2CEA /* Project object */ = {
			isa = PBXProject;
			attributes = {
				LastUpgradeCheck = 510;
				TargetAttributes = {
					1D6058900D05DD3D006BFB54 = {
						DevelopmentTeam = E67326HC5Q;
					};
				};
			};
			buildConfigurationList = C01FCF4E08A954540054247B /* Build configuration list for PBXProject "AcuantHybridSampleSDK" */;
			compatibilityVersion = "Xcode 3.2";
			developmentRegion = English;
			hasScannedForEncodings = 1;
			knownRegions = (
				en,
			);
			mainGroup = 29B97314FDCFA39411CA2CEA /* CustomTemplate */;
			projectDirPath = "";
			projectReferences = (
				{
					ProductGroup = 301BF52E109A57CC0062928A /* Products */;
					ProjectRef = 301BF52D109A57CC0062928A /* CordovaLib.xcodeproj */;
				},
			);
			projectRoot = "";
			targets = (
				1D6058900D05DD3D006BFB54 /* AcuantHybridSampleSDK */,
			);
		};
/* End PBXProject section */

/* Begin PBXReferenceProxy section */
		301BF535109A57CC0062928A /* libCordova.a */ = {
			isa = PBXReferenceProxy;
			fileType = archive.ar;
			path = libCordova.a;
			remoteRef = 301BF534109A57CC0062928A /* PBXContainerItemProxy */;
			sourceTree = BUILT_PRODUCTS_DIR;
		};
/* End PBXReferenceProxy section */

/* Begin PBXResourcesBuildPhase section */
		1D60588D0D05DD3D006BFB54 /* Resources */ = {
			isa = PBXResourcesBuildPhase;
			buildActionMask = 2147483647;
			files = (
				302D95F214D2391D003F00A1 /* MainViewController.xib in Resources */,
				0207DA581B56EA530066E2B4 /* Images.xcassets in Resources */,
				1ED631537F5F4CFBBC9BD1E2 /* CDVNotification.bundle in Resources */,
			);
			runOnlyForDeploymentPostprocessing = 0;
		};
/* End PBXResourcesBuildPhase section */

/* Begin PBXShellScriptBuildPhase section */
		304B58A110DAC018002A0835 /* Copy www directory */ = {
			isa = PBXShellScriptBuildPhase;
			buildActionMask = 2147483647;
			files = (
			);
			inputPaths = (
			);
			name = "Copy www directory";
			outputPaths = (
			);
			runOnlyForDeploymentPostprocessing = 0;
			shellPath = /bin/sh;
			shellScript = "NODEJS_PATH=/usr/local/bin; NVM_NODE_PATH=~/.nvm/versions/node/`nvm version 2>/dev/null`/bin; N_NODE_PATH=`find /usr/local/n/versions/node/* -maxdepth 0 -type d 2>/dev/null | tail -1`/bin; XCODE_NODE_PATH=`xcode-select --print-path`/usr/share/xcs/Node/bin; PATH=$NODEJS_PATH:$NVM_NODE_PATH:$N_NODE_PATH:$XCODE_NODE_PATH:$PATH && node cordova/lib/copy-www-build-step.js";
			showEnvVarsInLog = 0;
		};
/* End PBXShellScriptBuildPhase section */

/* Begin PBXSourcesBuildPhase section */
		1D60588E0D05DD3D006BFB54 /* Sources */ = {
			isa = PBXSourcesBuildPhase;
			buildActionMask = 2147483647;
			files = (
				1D60589B0D05DD56006BFB54 /* main.m in Sources */,
				1D3623260D0F684500981E51 /* AppDelegate.m in Sources */,
				302D95F114D2391D003F00A1 /* MainViewController.m in Sources */,
				677BE9640B994A0182277C4F /* CDVLogger.m in Sources */,
				485FE69798BB4D48B59F98CA /* CDVNotification.m in Sources */,
				57F6851AAC6B487CA33FC924 /* CDVConnection.m in Sources */,
				B428E86A450A40B1A9F4F08A /* CDVReachability.m in Sources */,
				52B5BC70E32C4559B47E1D02 /* UIImage+CropScaleOrientation.m in Sources */,
				2C56EF222F2F482087E0022D /* CDVCamera.m in Sources */,
				7897B1E73D384B8EB966374F /* CDVJpegHeaderWriter.m in Sources */,
				4441500DE90943928E14A136 /* AcuantMobileSDK.m in Sources */,
			);
			runOnlyForDeploymentPostprocessing = 0;
		};
/* End PBXSourcesBuildPhase section */

/* Begin PBXTargetDependency section */
		301BF551109A68C00062928A /* PBXTargetDependency */ = {
			isa = PBXTargetDependency;
			name = CordovaLib;
			targetProxy = 301BF550109A68C00062928A /* PBXContainerItemProxy */;
		};
/* End PBXTargetDependency section */

/* Begin XCBuildConfiguration section */
		1D6058940D05DD3E006BFB54 /* Debug */ = {
			isa = XCBuildConfiguration;
			baseConfigurationReference = 3047A50F1AB8059700498E2A /* build-debug.xcconfig */;
			buildSettings = {
				ALWAYS_SEARCH_USER_PATHS = NO;
				ASSETCATALOG_COMPILER_APPICON_NAME = AppIcon;
				ASSETCATALOG_COMPILER_LAUNCHIMAGE_NAME = LaunchImage;
				CLANG_ENABLE_MODULES = YES;
				CLANG_ENABLE_OBJC_ARC = YES;
				CODE_SIGN_IDENTITY = "iPhone Developer";
				COPY_PHASE_STRIP = NO;
				FRAMEWORK_SEARCH_PATHS = (
					"$(inherited)",
					"\"AcuantHybridSampleSDK/Plugins/com.acuant.plugin.AcuantMobileSDK\"",
					"\"AcuantHybridSampleSDK/Plugins/com.acuant.plugin.AcuantMobileSDK\"",
					"\"AcuantHybridSampleSDK/Plugins/com.acuant.plugin.AcuantMobileSDK\"",
					"\"AcuantHybridSampleSDK/Plugins/com.acuant.plugin.AcuantMobileSDK\"",
					"\"AcuantHybridSampleSDK/Plugins/com.acuant.plugin.AcuantMobileSDK\"",
					"\"AcuantHybridSampleSDK/Plugins/com.acuant.plugin.AcuantMobileSDK\"",
					"\"AcuantHybridSampleSDK/Plugins/com.acuant.plugin.AcuantMobileSDK\"",
					"\"AcuantHybridSampleSDK/Plugins/com.acuant.plugin.AcuantMobileSDK\"",
					"\"AcuantHybridSampleSDK/Plugins/com.acuant.plugin.AcuantMobileSDK\"",
					"\"AcuantHybridSampleSDK/Plugins/com.acuant.plugin.AcuantMobileSDK\"",
					"\"AcuantHybridSampleSDK/Plugins/com.acuant.plugin.AcuantMobileSDK\"",
					"\"AcuantHybridSampleSDK/Plugins/com.acuant.plugin.AcuantMobileSDK\"",
					"\"AcuantHybridSampleSDK/Plugins/com.acuant.plugin.AcuantMobileSDK\"",
					"\"AcuantHybridSampleSDK/Plugins/com.acuant.plugin.AcuantMobileSDK\"",
					"\"AcuantHybridSampleSDK/Plugins/com.acuant.plugin.AcuantMobileSDK\"",
					"\"AcuantHybridSampleSDK/Plugins/com.acuant.plugin.AcuantMobileSDK\"",
					"\"AcuantHybridSampleSDK/Plugins/com.acuant.plugin.AcuantMobileSDK\"",
					"\"AcuantHybridSampleSDK/Plugins/com.acuant.plugin.AcuantMobileSDK\"",
					"\"AcuantHybridSampleSDK/Plugins/com.acuant.plugin.AcuantMobileSDK\"",
					"\"AcuantHybridSampleSDK/Plugins/com.acuant.plugin.AcuantMobileSDK\"",
					"\"AcuantHybridSampleSDK/Plugins/com.acuant.plugin.AcuantMobileSDK\"",
					"\"AcuantHybridSampleSDK/Plugins/com.acuant.plugin.AcuantMobileSDK\"",
					"\"AcuantHybridSampleSDK/Plugins/com.acuant.plugin.AcuantMobileSDK\"",
					"\"AcuantHybridSampleSDK/Plugins/com.acuant.plugin.AcuantMobileSDK\"",
					"\"AcuantHybridSampleSDK/Plugins/com.acuant.plugin.AcuantMobileSDK\"",
					"\"AcuantHybridSampleSDK/Plugins/com.acuant.plugin.AcuantMobileSDK\"",
					"\"AcuantHybridSampleSDK/Plugins/com.acuant.plugin.AcuantMobileSDK\"",
					"\"AcuantHybridSampleSDK/Plugins/com.acuant.plugin.AcuantMobileSDK\"",
					"\"AcuantHybridSampleSDK/Plugins/com.acuant.plugin.AcuantMobileSDK\"",
					"\"AcuantHybridSampleSDK/Plugins/com.acuant.plugin.AcuantMobileSDK\"",
					"\"AcuantHybridSampleSDK/Plugins/com.acuant.plugin.AcuantMobileSDK\"",
					"\"AcuantHybridSampleSDK/Plugins/com.acuant.plugin.AcuantMobileSDK\"",
					"\"AcuantHybridSampleSDK/Plugins/com.acuant.plugin.AcuantMobileSDK\"",
					"\"AcuantHybridSampleSDK/Plugins/com.acuant.plugin.AcuantMobileSDK\"",
					"\"AcuantHybridSampleSDK/Plugins/com.acuant.plugin.AcuantMobileSDK\"",
					"\"AcuantHybridSampleSDK/Plugins/com.acuant.plugin.AcuantMobileSDK\"",
					"\"AcuantHybridSampleSDK/Plugins/com.acuant.plugin.AcuantMobileSDK\"",
					"\"AcuantHybridSampleSDK/Plugins/com.acuant.plugin.AcuantMobileSDK\"",
					"\"AcuantHybridSampleSDK/Plugins/com.acuant.plugin.AcuantMobileSDK\"",
					"\"AcuantHybridSampleSDK/Plugins/com.acuant.plugin.AcuantMobileSDK\"",
				);
				GCC_DYNAMIC_NO_PIC = NO;
				GCC_OPTIMIZATION_LEVEL = 0;
				GCC_PRECOMPILE_PREFIX_HEADER = YES;
				GCC_PREFIX_HEADER = "AcuantHybridSampleSDK/AcuantHybridSampleSDK-Prefix.pch";
				GCC_THUMB_SUPPORT = NO;
				GCC_VERSION = "";
				INFOPLIST_FILE = "AcuantHybridSampleSDK/AcuantHybridSampleSDK-Info.plist";
				IPHONEOS_DEPLOYMENT_TARGET = 8.0;
				LD_RUNPATH_SEARCH_PATHS = "@executable_path/Frameworks";
				PRODUCT_NAME = AcuantHybridSampleSDK;
				PROVISIONING_PROFILE = "";
			};
			name = Debug;
		};
		1D6058950D05DD3E006BFB54 /* Release */ = {
			isa = XCBuildConfiguration;
			baseConfigurationReference = 3047A5101AB8059700498E2A /* build-release.xcconfig */;
			buildSettings = {
				ALWAYS_SEARCH_USER_PATHS = NO;
				ASSETCATALOG_COMPILER_APPICON_NAME = AppIcon;
				ASSETCATALOG_COMPILER_LAUNCHIMAGE_NAME = LaunchImage;
				CLANG_ENABLE_MODULES = YES;
				CLANG_ENABLE_OBJC_ARC = YES;
				CODE_SIGN_IDENTITY = "iPhone Developer";
				COPY_PHASE_STRIP = YES;
				FRAMEWORK_SEARCH_PATHS = (
					"$(inherited)",
					"\"AcuantHybridSampleSDK/Plugins/com.acuant.plugin.AcuantMobileSDK\"",
					"\"AcuantHybridSampleSDK/Plugins/com.acuant.plugin.AcuantMobileSDK\"",
					"\"AcuantHybridSampleSDK/Plugins/com.acuant.plugin.AcuantMobileSDK\"",
					"\"AcuantHybridSampleSDK/Plugins/com.acuant.plugin.AcuantMobileSDK\"",
					"\"AcuantHybridSampleSDK/Plugins/com.acuant.plugin.AcuantMobileSDK\"",
					"\"AcuantHybridSampleSDK/Plugins/com.acuant.plugin.AcuantMobileSDK\"",
					"\"AcuantHybridSampleSDK/Plugins/com.acuant.plugin.AcuantMobileSDK\"",
					"\"AcuantHybridSampleSDK/Plugins/com.acuant.plugin.AcuantMobileSDK\"",
					"\"AcuantHybridSampleSDK/Plugins/com.acuant.plugin.AcuantMobileSDK\"",
					"\"AcuantHybridSampleSDK/Plugins/com.acuant.plugin.AcuantMobileSDK\"",
					"\"AcuantHybridSampleSDK/Plugins/com.acuant.plugin.AcuantMobileSDK\"",
					"\"AcuantHybridSampleSDK/Plugins/com.acuant.plugin.AcuantMobileSDK\"",
					"\"AcuantHybridSampleSDK/Plugins/com.acuant.plugin.AcuantMobileSDK\"",
					"\"AcuantHybridSampleSDK/Plugins/com.acuant.plugin.AcuantMobileSDK\"",
					"\"AcuantHybridSampleSDK/Plugins/com.acuant.plugin.AcuantMobileSDK\"",
					"\"AcuantHybridSampleSDK/Plugins/com.acuant.plugin.AcuantMobileSDK\"",
					"\"AcuantHybridSampleSDK/Plugins/com.acuant.plugin.AcuantMobileSDK\"",
					"\"AcuantHybridSampleSDK/Plugins/com.acuant.plugin.AcuantMobileSDK\"",
					"\"AcuantHybridSampleSDK/Plugins/com.acuant.plugin.AcuantMobileSDK\"",
					"\"AcuantHybridSampleSDK/Plugins/com.acuant.plugin.AcuantMobileSDK\"",
					"\"AcuantHybridSampleSDK/Plugins/com.acuant.plugin.AcuantMobileSDK\"",
					"\"AcuantHybridSampleSDK/Plugins/com.acuant.plugin.AcuantMobileSDK\"",
					"\"AcuantHybridSampleSDK/Plugins/com.acuant.plugin.AcuantMobileSDK\"",
					"\"AcuantHybridSampleSDK/Plugins/com.acuant.plugin.AcuantMobileSDK\"",
					"\"AcuantHybridSampleSDK/Plugins/com.acuant.plugin.AcuantMobileSDK\"",
					"\"AcuantHybridSampleSDK/Plugins/com.acuant.plugin.AcuantMobileSDK\"",
					"\"AcuantHybridSampleSDK/Plugins/com.acuant.plugin.AcuantMobileSDK\"",
					"\"AcuantHybridSampleSDK/Plugins/com.acuant.plugin.AcuantMobileSDK\"",
					"\"AcuantHybridSampleSDK/Plugins/com.acuant.plugin.AcuantMobileSDK\"",
					"\"AcuantHybridSampleSDK/Plugins/com.acuant.plugin.AcuantMobileSDK\"",
					"\"AcuantHybridSampleSDK/Plugins/com.acuant.plugin.AcuantMobileSDK\"",
					"\"AcuantHybridSampleSDK/Plugins/com.acuant.plugin.AcuantMobileSDK\"",
					"\"AcuantHybridSampleSDK/Plugins/com.acuant.plugin.AcuantMobileSDK\"",
					"\"AcuantHybridSampleSDK/Plugins/com.acuant.plugin.AcuantMobileSDK\"",
					"\"AcuantHybridSampleSDK/Plugins/com.acuant.plugin.AcuantMobileSDK\"",
					"\"AcuantHybridSampleSDK/Plugins/com.acuant.plugin.AcuantMobileSDK\"",
					"\"AcuantHybridSampleSDK/Plugins/com.acuant.plugin.AcuantMobileSDK\"",
					"\"AcuantHybridSampleSDK/Plugins/com.acuant.plugin.AcuantMobileSDK\"",
					"\"AcuantHybridSampleSDK/Plugins/com.acuant.plugin.AcuantMobileSDK\"",
					"\"AcuantHybridSampleSDK/Plugins/com.acuant.plugin.AcuantMobileSDK\"",
				);
				GCC_PRECOMPILE_PREFIX_HEADER = YES;
				GCC_PREFIX_HEADER = "AcuantHybridSampleSDK/AcuantHybridSampleSDK-Prefix.pch";
				GCC_THUMB_SUPPORT = NO;
				GCC_VERSION = "";
				INFOPLIST_FILE = "AcuantHybridSampleSDK/AcuantHybridSampleSDK-Info.plist";
				IPHONEOS_DEPLOYMENT_TARGET = 8.0;
				PRODUCT_NAME = AcuantHybridSampleSDK;
				PROVISIONING_PROFILE = "";
			};
			name = Release;
		};
		C01FCF4F08A954540054247B /* Debug */ = {
			isa = XCBuildConfiguration;
			baseConfigurationReference = 3047A5111AB8059700498E2A /* build.xcconfig */;
			buildSettings = {
				CLANG_ENABLE_MODULES = YES;
				CLANG_ENABLE_OBJC_ARC = YES;
				CLANG_WARN_BOOL_CONVERSION = YES;
				CLANG_WARN_CONSTANT_CONVERSION = YES;
				CLANG_WARN_EMPTY_BODY = YES;
				CLANG_WARN_ENUM_CONVERSION = YES;
				CLANG_WARN_INT_CONVERSION = YES;
				CLANG_WARN__DUPLICATE_METHOD_MATCH = YES;
				GCC_C_LANGUAGE_STANDARD = c99;
				GCC_THUMB_SUPPORT = NO;
				GCC_VERSION = "";
				GCC_WARN_ABOUT_RETURN_TYPE = YES;
				GCC_WARN_UNDECLARED_SELECTOR = YES;
				GCC_WARN_UNINITIALIZED_AUTOS = YES;
				GCC_WARN_UNUSED_FUNCTION = YES;
				GCC_WARN_UNUSED_VARIABLE = YES;
				IPHONEOS_DEPLOYMENT_TARGET = 8.0;
				ONLY_ACTIVE_ARCH = YES;
				SDKROOT = iphoneos;
				SKIP_INSTALL = NO;
			};
			name = Debug;
		};
		C01FCF5008A954540054247B /* Release */ = {
			isa = XCBuildConfiguration;
			baseConfigurationReference = 3047A5111AB8059700498E2A /* build.xcconfig */;
			buildSettings = {
				CLANG_ENABLE_MODULES = YES;
				CLANG_ENABLE_OBJC_ARC = YES;
				CLANG_WARN_BOOL_CONVERSION = YES;
				CLANG_WARN_CONSTANT_CONVERSION = YES;
				CLANG_WARN_EMPTY_BODY = YES;
				CLANG_WARN_ENUM_CONVERSION = YES;
				CLANG_WARN_INT_CONVERSION = YES;
				CLANG_WARN__DUPLICATE_METHOD_MATCH = YES;
				GCC_C_LANGUAGE_STANDARD = c99;
				GCC_THUMB_SUPPORT = NO;
				GCC_VERSION = "";
				GCC_WARN_ABOUT_RETURN_TYPE = YES;
				GCC_WARN_UNDECLARED_SELECTOR = YES;
				GCC_WARN_UNINITIALIZED_AUTOS = YES;
				GCC_WARN_UNUSED_FUNCTION = YES;
				GCC_WARN_UNUSED_VARIABLE = YES;
				IPHONEOS_DEPLOYMENT_TARGET = 8.0;
				SDKROOT = iphoneos;
				SKIP_INSTALL = NO;
			};
			name = Release;
		};
/* End XCBuildConfiguration section */

/* Begin XCConfigurationList section */
		1D6058960D05DD3E006BFB54 /* Build configuration list for PBXNativeTarget "AcuantHybridSampleSDK" */ = {
			isa = XCConfigurationList;
			buildConfigurations = (
				1D6058940D05DD3E006BFB54 /* Debug */,
				1D6058950D05DD3E006BFB54 /* Release */,
			);
			defaultConfigurationIsVisible = 0;
			defaultConfigurationName = Release;
		};
		C01FCF4E08A954540054247B /* Build configuration list for PBXProject "AcuantHybridSampleSDK" */ = {
			isa = XCConfigurationList;
			buildConfigurations = (
				C01FCF4F08A954540054247B /* Debug */,
				C01FCF5008A954540054247B /* Release */,
			);
			defaultConfigurationIsVisible = 0;
			defaultConfigurationName = Release;
		};
/* End XCConfigurationList section */
	};
	rootObject = 29B97313FDCFA39411CA2CEA /* Project object */;
}
