// !$*UTF8*$!
{
	archiveVersion = 1;
	classes = {
	};
	objectVersion = 46;
	objects = {

/* Begin PBXBuildFile section */
		0096250F44D34762929E9C98 /* ImageIO.framework in Frameworks */ = {isa = PBXBuildFile; fileRef = 7431BA9FA4644263A25F2F7C /* ImageIO.framework */; };
		0207DA581B56EA530066E2B4 /* Images.xcassets in Resources */ = {isa = PBXBuildFile; fileRef = 0207DA571B56EA530066E2B4 /* Images.xcassets */; };
		02EB07E5F0FE414E8B6EBA84 /* AVFoundation.framework in Frameworks */ = {isa = PBXBuildFile; fileRef = 79AB3A0FF3DF42CD9EEBF3B8 /* AVFoundation.framework */; };
		0373089FE3484C9F8AD5497D /* CoreMotion.framework in Frameworks */ = {isa = PBXBuildFile; fileRef = BADDB635142D4632953C4C7E /* CoreMotion.framework */; };
		114D642CA1664450A0FF382A /* CoreVideo.framework in Frameworks */ = {isa = PBXBuildFile; fileRef = CF2B54E4E2BE422086C5B990 /* CoreVideo.framework */; };
		136F52791F50AAB100B0D98B /* MicroBlink.framework in Frameworks */ = {isa = PBXBuildFile; fileRef = 136F52781F50AAB100B0D98B /* MicroBlink.framework */; };
		136F527E1F50AAC100B0D98B /* MicroBlink.bundle in Resources */ = {isa = PBXBuildFile; fileRef = 136F527D1F50AAC100B0D98B /* MicroBlink.bundle */; };
		136F527F1F50AAD700B0D98B /* MicroBlink.framework in Frameworks */ = {isa = PBXBuildFile; fileRef = 136F52781F50AAB100B0D98B /* MicroBlink.framework */; };
		136F52801F50AAD700B0D98B /* MicroBlink.framework in Embed Frameworks */ = {isa = PBXBuildFile; fileRef = 136F52781F50AAB100B0D98B /* MicroBlink.framework */; settings = {ATTRIBUTES = (CodeSignOnCopy, RemoveHeadersOnCopy, ); }; };
		1D3623260D0F684500981E51 /* AppDelegate.m in Sources */ = {isa = PBXBuildFile; fileRef = 1D3623250D0F684500981E51 /* AppDelegate.m */; };
		1D60589B0D05DD56006BFB54 /* main.m in Sources */ = {isa = PBXBuildFile; fileRef = 29B97316FDCFA39411CA2CEA /* main.m */; };
		2E1DA0878C474627BAE69143 /* CDVReachability.m in Sources */ = {isa = PBXBuildFile; fileRef = 7CC0368025AD4088B17D1FD7 /* CDVReachability.m */; };
		301BF552109A68D80062928A /* libCordova.a in Frameworks */ = {isa = PBXBuildFile; fileRef = 301BF535109A57CC0062928A /* libCordova.a */; };
		302D95F114D2391D003F00A1 /* MainViewController.m in Sources */ = {isa = PBXBuildFile; fileRef = 302D95EF14D2391D003F00A1 /* MainViewController.m */; };
		302D95F214D2391D003F00A1 /* MainViewController.xib in Resources */ = {isa = PBXBuildFile; fileRef = 302D95F014D2391D003F00A1 /* MainViewController.xib */; };
		34879E8C4EEF428DA38C9D84 /* CoreTelephony.framework in Frameworks */ = {isa = PBXBuildFile; fileRef = 4B338E7BA17B409783DF5339 /* CoreTelephony.framework */; };
		363E295560F4418A8E56B7BA /* AcuantMobileSDK.framework in Frameworks */ = {isa = PBXBuildFile; fileRef = B63287EE86FD4D89A18F717A /* AcuantMobileSDK.framework */; };
		369F7026D69145ED985CE1AA /* CDVConnection.m in Sources */ = {isa = PBXBuildFile; fileRef = 5BEAF72F8B0C4C96865F20D1 /* CDVConnection.m */; };
		3A0597FCC8324B768A5A9BFF /* CDVNotification.bundle in Resources */ = {isa = PBXBuildFile; fileRef = CD4C75A281BF404ABD220801 /* CDVNotification.bundle */; };
		43BF784FC1E54A25B0FD093B /* Accelerate.framework in Frameworks */ = {isa = PBXBuildFile; fileRef = 9AFA265A9BC044F28C7C81F8 /* Accelerate.framework */; };
		48FE604F956247F2A480CD96 /* IonicKeyboard.m in Sources */ = {isa = PBXBuildFile; fileRef = A2115BBABD054AB48FE07F11 /* IonicKeyboard.m */; };
		49D5378D4B94497BB7E51461 /* libiconv.dylib in Frameworks */ = {isa = PBXBuildFile; fileRef = 91140ABA1FB74E529E0C47A4 /* libiconv.dylib */; };
		54D83AD0D5414236B53F129D /* CDVDevice.m in Sources */ = {isa = PBXBuildFile; fileRef = 5DD6383A6E794C498200E20B /* CDVDevice.m */; };
		6AFF5BF91D6E424B00AB3073 /* CDVLaunchScreen.storyboard in Resources */ = {isa = PBXBuildFile; fileRef = 6AFF5BF81D6E424B00AB3073 /* CDVLaunchScreen.storyboard */; };
		807E4E22120F4C17A878BDB8 /* SystemConfiguration.framework in Frameworks */ = {isa = PBXBuildFile; fileRef = 64EFF15AE56F47FD8FA3A88A /* SystemConfiguration.framework */; };
		86502F6928754E89ACD2DB98 /* CDVLogger.m in Sources */ = {isa = PBXBuildFile; fileRef = 3FC4F22DF7FF4C49915B2D40 /* CDVLogger.m */; };
		88697C45A28047FD9B84806C /* AcuantMobileSDK.m in Sources */ = {isa = PBXBuildFile; fileRef = C6EDBD1500A54F1FB781D7D9 /* AcuantMobileSDK.m */; };
		9AC892A3A7424B4B98D86DE1 /* CDVSplashScreen.m in Sources */ = {isa = PBXBuildFile; fileRef = BFDA3AA8C365441886EB7ADC /* CDVSplashScreen.m */; };
		A08A1FC268E34796ADFD3D36 /* CDVStatusBar.m in Sources */ = {isa = PBXBuildFile; fileRef = B5BC8C16D9C44989B1D0A457 /* CDVStatusBar.m */; };
		A55990C7273C4ED08A1488C3 /* AudioToolbox.framework in Frameworks */ = {isa = PBXBuildFile; fileRef = 41E80F0DAB5B415FAE157831 /* AudioToolbox.framework */; };
		B4675C0E81864AC98EF47BF6 /* QuartzCore.framework in Frameworks */ = {isa = PBXBuildFile; fileRef = D23C4A06A8CE408EA9E7135C /* QuartzCore.framework */; };
		B57A5092B6B44B5FBCE76B02 /* CDVViewController+SplashScreen.m in Sources */ = {isa = PBXBuildFile; fileRef = 351F9A9FBDFD4B9AA971EE15 /* CDVViewController+SplashScreen.m */; };
		B8B31F9BA8E44D6CB4D5EF98 /* CDVNotification.m in Sources */ = {isa = PBXBuildFile; fileRef = 111C03878AD842AFBDD9D884 /* CDVNotification.m */; };
		CAAD14D3C5C34EF78188DCBC /* libc++.dylib in Frameworks */ = {isa = PBXBuildFile; fileRef = 1889B0B9CB6C491EA3F8D877 /* libc++.dylib */; };
		D48AD73F4DF344C19160E8AD /* libz.dylib in Frameworks */ = {isa = PBXBuildFile; fileRef = D4194F43B6514FDB90404B69 /* libz.dylib */; };
		DE0AC9FEBEFF4B09AC02B174 /* CoreMedia.framework in Frameworks */ = {isa = PBXBuildFile; fileRef = 6D858B0D47374703B55490A7 /* CoreMedia.framework */; };
		EE1E092668804609883E772B /* CoreText.framework in Frameworks */ = {isa = PBXBuildFile; fileRef = F066D168EC9D46A8895D17D2 /* CoreText.framework */; };
		EF924B663ABE4AAAA877154E /* CoreLocation.framework in Frameworks */ = {isa = PBXBuildFile; fileRef = A65B120C677848369C62BFF3 /* CoreLocation.framework */; };
/* End PBXBuildFile section */

/* Begin PBXContainerItemProxy section */
		136F527B1F50AAB200B0D98B /* PBXContainerItemProxy */ = {
			isa = PBXContainerItemProxy;
			containerPortal = 301BF52D109A57CC0062928A /* CordovaLib/CordovaLib.xcodeproj */;
			proxyType = 2;
			remoteGlobalIDString = C0C01EB21E3911D50056E6CB;
			remoteInfo = Cordova;
		};
		301BF534109A57CC0062928A /* PBXContainerItemProxy */ = {
			isa = PBXContainerItemProxy;
			containerPortal = 301BF52D109A57CC0062928A /* CordovaLib/CordovaLib.xcodeproj */;
			proxyType = 2;
			remoteGlobalIDString = D2AAC07E0554694100DB518D;
			remoteInfo = CordovaLib;
		};
		301BF550109A68C00062928A /* PBXContainerItemProxy */ = {
			isa = PBXContainerItemProxy;
			containerPortal = 301BF52D109A57CC0062928A /* CordovaLib/CordovaLib.xcodeproj */;
			proxyType = 1;
			remoteGlobalIDString = D2AAC07D0554694100DB518D;
			remoteInfo = CordovaLib;
		};
/* End PBXContainerItemProxy section */

/* Begin PBXCopyFilesBuildPhase section */
		136F52811F50AAD700B0D98B /* Embed Frameworks */ = {
			isa = PBXCopyFilesBuildPhase;
			buildActionMask = 2147483647;
			dstPath = "";
			dstSubfolderSpec = 10;
			files = (
				136F52801F50AAD700B0D98B /* MicroBlink.framework in Embed Frameworks */,
			);
			name = "Embed Frameworks";
			runOnlyForDeploymentPostprocessing = 0;
		};
/* End PBXCopyFilesBuildPhase section */

/* Begin PBXFileReference section */
		0207DA571B56EA530066E2B4 /* Images.xcassets */ = {isa = PBXFileReference; lastKnownFileType = folder.assetcatalog; name = Images.xcassets; path = MyApp/Images.xcassets; sourceTree = SOURCE_ROOT; };
		111C03878AD842AFBDD9D884 /* CDVNotification.m */ = {isa = PBXFileReference; explicitFileType = undefined; fileEncoding = 4; includeInIndex = 0; lastKnownFileType = sourcecode.c.objc; name = CDVNotification.m; path = "sdgc-cordova-native-dialogs/CDVNotification.m"; sourceTree = "<group>"; };
		136F52781F50AAB100B0D98B /* MicroBlink.framework */ = {isa = PBXFileReference; lastKnownFileType = wrapper.framework; path = MicroBlink.framework; sourceTree = "<group>"; };
		136F527D1F50AAC100B0D98B /* MicroBlink.bundle */ = {isa = PBXFileReference; lastKnownFileType = "wrapper.plug-in"; path = MicroBlink.bundle; sourceTree = "<group>"; };
		16667A6CE66C47A0AF9A9684 /* CDVReachability.h */ = {isa = PBXFileReference; explicitFileType = undefined; fileEncoding = 4; includeInIndex = 0; lastKnownFileType = sourcecode.c.h; name = CDVReachability.h; path = "cordova-plugin-network-information/CDVReachability.h"; sourceTree = "<group>"; };
		1889B0B9CB6C491EA3F8D877 /* libc++.dylib */ = {isa = PBXFileReference; explicitFileType = undefined; fileEncoding = 9; includeInIndex = 0; lastKnownFileType = "compiled.mach-o.dylib"; name = "libc++.dylib"; path = "usr/lib/libc++.dylib"; sourceTree = SDKROOT; };
		1D3623240D0F684500981E51 /* AppDelegate.h */ = {isa = PBXFileReference; fileEncoding = 4; lastKnownFileType = sourcecode.c.h; path = AppDelegate.h; sourceTree = "<group>"; };
		1D3623250D0F684500981E51 /* AppDelegate.m */ = {isa = PBXFileReference; fileEncoding = 4; lastKnownFileType = sourcecode.c.objc; path = AppDelegate.m; sourceTree = "<group>"; };
		1D50194E69B040A197F986D1 /* AcuantMobileSDK.h */ = {isa = PBXFileReference; explicitFileType = undefined; fileEncoding = 4; includeInIndex = 0; lastKnownFileType = sourcecode.c.h; name = AcuantMobileSDK.h; path = com.acuant.plugin.AcuantMobileSDK/AcuantMobileSDK.h; sourceTree = "<group>"; };
		1D6058910D05DD3D006BFB54 /* MyApp.app */ = {isa = PBXFileReference; explicitFileType = wrapper.application; includeInIndex = 0; path = MyApp.app; sourceTree = BUILT_PRODUCTS_DIR; };
		29B97316FDCFA39411CA2CEA /* main.m */ = {isa = PBXFileReference; fileEncoding = 4; lastKnownFileType = sourcecode.c.objc; path = main.m; sourceTree = "<group>"; };
		301BF52D109A57CC0062928A /* CordovaLib/CordovaLib.xcodeproj */ = {isa = PBXFileReference; lastKnownFileType = "wrapper.pb-project"; path = CordovaLib/CordovaLib.xcodeproj; sourceTree = "<group>"; };
		301BF56E109A69640062928A /* www */ = {isa = PBXFileReference; lastKnownFileType = folder; path = www; sourceTree = SOURCE_ROOT; };
		302D95EE14D2391D003F00A1 /* MainViewController.h */ = {isa = PBXFileReference; fileEncoding = 4; lastKnownFileType = sourcecode.c.h; path = MainViewController.h; sourceTree = "<group>"; };
		302D95EF14D2391D003F00A1 /* MainViewController.m */ = {isa = PBXFileReference; fileEncoding = 4; lastKnownFileType = sourcecode.c.objc; path = MainViewController.m; sourceTree = "<group>"; };
		302D95F014D2391D003F00A1 /* MainViewController.xib */ = {isa = PBXFileReference; fileEncoding = 4; lastKnownFileType = file.xib; path = MainViewController.xib; sourceTree = "<group>"; };
		3047A50F1AB8059700498E2A /* build-debug.xcconfig */ = {isa = PBXFileReference; fileEncoding = 4; lastKnownFileType = text.xcconfig; name = "build-debug.xcconfig"; path = "cordova/build-debug.xcconfig"; sourceTree = SOURCE_ROOT; };
		3047A5101AB8059700498E2A /* build-release.xcconfig */ = {isa = PBXFileReference; fileEncoding = 4; lastKnownFileType = text.xcconfig; name = "build-release.xcconfig"; path = "cordova/build-release.xcconfig"; sourceTree = SOURCE_ROOT; };
		3047A5111AB8059700498E2A /* build.xcconfig */ = {isa = PBXFileReference; fileEncoding = 4; lastKnownFileType = text.xcconfig; name = build.xcconfig; path = cordova/build.xcconfig; sourceTree = SOURCE_ROOT; };
		32CA4F630368D1EE00C91783 /* MyApp-Prefix.pch */ = {isa = PBXFileReference; fileEncoding = 4; lastKnownFileType = sourcecode.c.h; path = "MyApp-Prefix.pch"; sourceTree = "<group>"; };
		351F9A9FBDFD4B9AA971EE15 /* CDVViewController+SplashScreen.m */ = {isa = PBXFileReference; explicitFileType = undefined; fileEncoding = 4; includeInIndex = 0; lastKnownFileType = sourcecode.c.objc; name = "CDVViewController+SplashScreen.m"; path = "cordova-plugin-splashscreen/CDVViewController+SplashScreen.m"; sourceTree = "<group>"; };
		3FC4F22DF7FF4C49915B2D40 /* CDVLogger.m */ = {isa = PBXFileReference; explicitFileType = undefined; fileEncoding = 4; includeInIndex = 0; lastKnownFileType = sourcecode.c.objc; name = CDVLogger.m; path = "cordova-plugin-console/CDVLogger.m"; sourceTree = "<group>"; };
		41E80F0DAB5B415FAE157831 /* AudioToolbox.framework */ = {isa = PBXFileReference; explicitFileType = undefined; fileEncoding = 9; includeInIndex = 0; lastKnownFileType = wrapper.framework; name = AudioToolbox.framework; path = System/Library/Frameworks/AudioToolbox.framework; sourceTree = SDKROOT; };
		44FFE93845D947B4A3ED0604 /* CDVDevice.h */ = {isa = PBXFileReference; explicitFileType = undefined; fileEncoding = 4; includeInIndex = 0; lastKnownFileType = sourcecode.c.h; name = CDVDevice.h; path = "cordova-plugin-device/CDVDevice.h"; sourceTree = "<group>"; };
		4B338E7BA17B409783DF5339 /* CoreTelephony.framework */ = {isa = PBXFileReference; explicitFileType = undefined; fileEncoding = 9; includeInIndex = 0; lastKnownFileType = wrapper.framework; name = CoreTelephony.framework; path = System/Library/Frameworks/CoreTelephony.framework; sourceTree = SDKROOT; };
		4D1CAA748BFE4E2794C2C433 /* CDVStatusBar.h */ = {isa = PBXFileReference; explicitFileType = undefined; fileEncoding = 4; includeInIndex = 0; lastKnownFileType = sourcecode.c.h; name = CDVStatusBar.h; path = "cordova-plugin-statusbar/CDVStatusBar.h"; sourceTree = "<group>"; };
		56FCACA8EF0B4543B6E7237D /* CDVConnection.h */ = {isa = PBXFileReference; explicitFileType = undefined; fileEncoding = 4; includeInIndex = 0; lastKnownFileType = sourcecode.c.h; name = CDVConnection.h; path = "cordova-plugin-network-information/CDVConnection.h"; sourceTree = "<group>"; };
		5BEAF72F8B0C4C96865F20D1 /* CDVConnection.m */ = {isa = PBXFileReference; explicitFileType = undefined; fileEncoding = 4; includeInIndex = 0; lastKnownFileType = sourcecode.c.objc; name = CDVConnection.m; path = "cordova-plugin-network-information/CDVConnection.m"; sourceTree = "<group>"; };
		5DD6383A6E794C498200E20B /* CDVDevice.m */ = {isa = PBXFileReference; explicitFileType = undefined; fileEncoding = 4; includeInIndex = 0; lastKnownFileType = sourcecode.c.objc; name = CDVDevice.m; path = "cordova-plugin-device/CDVDevice.m"; sourceTree = "<group>"; };
		64EFF15AE56F47FD8FA3A88A /* SystemConfiguration.framework */ = {isa = PBXFileReference; explicitFileType = undefined; fileEncoding = 9; includeInIndex = 0; lastKnownFileType = wrapper.framework; name = SystemConfiguration.framework; path = System/Library/Frameworks/SystemConfiguration.framework; sourceTree = SDKROOT; };
		6AFF5BF81D6E424B00AB3073 /* CDVLaunchScreen.storyboard */ = {isa = PBXFileReference; fileEncoding = 4; lastKnownFileType = file.storyboard; name = CDVLaunchScreen.storyboard; path = MyApp/CDVLaunchScreen.storyboard; sourceTree = SOURCE_ROOT; };
		6D858B0D47374703B55490A7 /* CoreMedia.framework */ = {isa = PBXFileReference; explicitFileType = undefined; fileEncoding = 9; includeInIndex = 0; lastKnownFileType = wrapper.framework; name = CoreMedia.framework; path = System/Library/Frameworks/CoreMedia.framework; sourceTree = SDKROOT; };
		7431BA9FA4644263A25F2F7C /* ImageIO.framework */ = {isa = PBXFileReference; explicitFileType = undefined; fileEncoding = 9; includeInIndex = 0; lastKnownFileType = wrapper.framework; name = ImageIO.framework; path = System/Library/Frameworks/ImageIO.framework; sourceTree = SDKROOT; };
		79AB3A0FF3DF42CD9EEBF3B8 /* AVFoundation.framework */ = {isa = PBXFileReference; explicitFileType = undefined; fileEncoding = 9; includeInIndex = 0; lastKnownFileType = wrapper.framework; name = AVFoundation.framework; path = System/Library/Frameworks/AVFoundation.framework; sourceTree = SDKROOT; };
		7CC0368025AD4088B17D1FD7 /* CDVReachability.m */ = {isa = PBXFileReference; explicitFileType = undefined; fileEncoding = 4; includeInIndex = 0; lastKnownFileType = sourcecode.c.objc; name = CDVReachability.m; path = "cordova-plugin-network-information/CDVReachability.m"; sourceTree = "<group>"; };
		807AA1DEE14C42E5808A992D /* CDVViewController+SplashScreen.h */ = {isa = PBXFileReference; explicitFileType = undefined; fileEncoding = 4; includeInIndex = 0; lastKnownFileType = sourcecode.c.h; name = "CDVViewController+SplashScreen.h"; path = "cordova-plugin-splashscreen/CDVViewController+SplashScreen.h"; sourceTree = "<group>"; };
		8858D2C3DA544A81A126AF11 /* CDVLogger.h */ = {isa = PBXFileReference; explicitFileType = undefined; fileEncoding = 4; includeInIndex = 0; lastKnownFileType = sourcecode.c.h; name = CDVLogger.h; path = "cordova-plugin-console/CDVLogger.h"; sourceTree = "<group>"; };
		8D1107310486CEB800E47090 /* MyApp-Info.plist */ = {isa = PBXFileReference; fileEncoding = 4; lastKnownFileType = text.plist.xml; name = "MyApp-Info.plist"; path = "MyApp/MyApp-Info.plist"; plistStructureDefinitionIdentifier = "com.apple.xcode.plist.structure-definition.iphone.info-plist"; sourceTree = SOURCE_ROOT; };
		91140ABA1FB74E529E0C47A4 /* libiconv.dylib */ = {isa = PBXFileReference; explicitFileType = undefined; fileEncoding = 9; includeInIndex = 0; lastKnownFileType = "compiled.mach-o.dylib"; name = libiconv.dylib; path = usr/lib/libiconv.dylib; sourceTree = SDKROOT; };
		9AFA265A9BC044F28C7C81F8 /* Accelerate.framework */ = {isa = PBXFileReference; explicitFileType = undefined; fileEncoding = 9; includeInIndex = 0; lastKnownFileType = wrapper.framework; name = Accelerate.framework; path = System/Library/Frameworks/Accelerate.framework; sourceTree = SDKROOT; };
		A2115BBABD054AB48FE07F11 /* IonicKeyboard.m */ = {isa = PBXFileReference; explicitFileType = undefined; fileEncoding = 4; includeInIndex = 0; lastKnownFileType = sourcecode.c.objc; name = IonicKeyboard.m; path = "ionic-plugin-keyboard/IonicKeyboard.m"; sourceTree = "<group>"; };
		A65B120C677848369C62BFF3 /* CoreLocation.framework */ = {isa = PBXFileReference; explicitFileType = undefined; fileEncoding = 9; includeInIndex = 0; lastKnownFileType = wrapper.framework; name = CoreLocation.framework; path = System/Library/Frameworks/CoreLocation.framework; sourceTree = SDKROOT; };
		B5BC8C16D9C44989B1D0A457 /* CDVStatusBar.m */ = {isa = PBXFileReference; explicitFileType = undefined; fileEncoding = 4; includeInIndex = 0; lastKnownFileType = sourcecode.c.objc; name = CDVStatusBar.m; path = "cordova-plugin-statusbar/CDVStatusBar.m"; sourceTree = "<group>"; };
		B63287EE86FD4D89A18F717A /* AcuantMobileSDK.framework */ = {isa = PBXFileReference; explicitFileType = undefined; fileEncoding = 9; includeInIndex = 0; lastKnownFileType = wrapper.framework; name = AcuantMobileSDK.framework; path = MyApp/Plugins/com.acuant.plugin.AcuantMobileSDK/AcuantMobileSDK.framework; sourceTree = "<group>"; };
		BADDB635142D4632953C4C7E /* CoreMotion.framework */ = {isa = PBXFileReference; explicitFileType = undefined; fileEncoding = 9; includeInIndex = 0; lastKnownFileType = wrapper.framework; name = CoreMotion.framework; path = System/Library/Frameworks/CoreMotion.framework; sourceTree = SDKROOT; };
		BE4842FD9A6E45DF92BA8C77 /* IonicKeyboard.h */ = {isa = PBXFileReference; explicitFileType = undefined; fileEncoding = 4; includeInIndex = 0; lastKnownFileType = sourcecode.c.h; name = IonicKeyboard.h; path = "ionic-plugin-keyboard/IonicKeyboard.h"; sourceTree = "<group>"; };
		BED3E88A51BC4E008407D651 /* CDVSplashScreen.h */ = {isa = PBXFileReference; explicitFileType = undefined; fileEncoding = 4; includeInIndex = 0; lastKnownFileType = sourcecode.c.h; name = CDVSplashScreen.h; path = "cordova-plugin-splashscreen/CDVSplashScreen.h"; sourceTree = "<group>"; };
		BFDA3AA8C365441886EB7ADC /* CDVSplashScreen.m */ = {isa = PBXFileReference; explicitFileType = undefined; fileEncoding = 4; includeInIndex = 0; lastKnownFileType = sourcecode.c.objc; name = CDVSplashScreen.m; path = "cordova-plugin-splashscreen/CDVSplashScreen.m"; sourceTree = "<group>"; };
		C6EDBD1500A54F1FB781D7D9 /* AcuantMobileSDK.m */ = {isa = PBXFileReference; explicitFileType = undefined; fileEncoding = 4; includeInIndex = 0; lastKnownFileType = sourcecode.c.objc; name = AcuantMobileSDK.m; path = com.acuant.plugin.AcuantMobileSDK/AcuantMobileSDK.m; sourceTree = "<group>"; };
		CD4C75A281BF404ABD220801 /* CDVNotification.bundle */ = {isa = PBXFileReference; explicitFileType = undefined; fileEncoding = 9; includeInIndex = 0; lastKnownFileType = "wrapper.plug-in"; path = CDVNotification.bundle; sourceTree = "<group>"; };
		CF2B54E4E2BE422086C5B990 /* CoreVideo.framework */ = {isa = PBXFileReference; explicitFileType = undefined; fileEncoding = 9; includeInIndex = 0; lastKnownFileType = wrapper.framework; name = CoreVideo.framework; path = System/Library/Frameworks/CoreVideo.framework; sourceTree = SDKROOT; };
		D23C4A06A8CE408EA9E7135C /* QuartzCore.framework */ = {isa = PBXFileReference; explicitFileType = undefined; fileEncoding = 9; includeInIndex = 0; lastKnownFileType = wrapper.framework; name = QuartzCore.framework; path = System/Library/Frameworks/QuartzCore.framework; sourceTree = SDKROOT; };
		D4194F43B6514FDB90404B69 /* libz.dylib */ = {isa = PBXFileReference; explicitFileType = undefined; fileEncoding = 9; includeInIndex = 0; lastKnownFileType = "compiled.mach-o.dylib"; name = libz.dylib; path = usr/lib/libz.dylib; sourceTree = SDKROOT; };
		EB87FDF31871DA8E0020F90C /* www */ = {isa = PBXFileReference; lastKnownFileType = folder; name = www; path = ../../www; sourceTree = "<group>"; };
		EB87FDF41871DAF40020F90C /* config.xml */ = {isa = PBXFileReference; lastKnownFileType = text.xml; name = config.xml; path = ../../config.xml; sourceTree = "<group>"; };
		ED33DF2A687741AEAF9F8254 /* Bridging-Header.h */ = {isa = PBXFileReference; fileEncoding = 4; lastKnownFileType = sourcecode.c.h; path = "Bridging-Header.h"; sourceTree = "<group>"; };
		F066D168EC9D46A8895D17D2 /* CoreText.framework */ = {isa = PBXFileReference; explicitFileType = undefined; fileEncoding = 9; includeInIndex = 0; lastKnownFileType = wrapper.framework; name = CoreText.framework; path = System/Library/Frameworks/CoreText.framework; sourceTree = SDKROOT; };
		F58E8DB09343497FB32D1C17 /* CDVNotification.h */ = {isa = PBXFileReference; explicitFileType = undefined; fileEncoding = 4; includeInIndex = 0; lastKnownFileType = sourcecode.c.h; name = CDVNotification.h; path = "sdgc-cordova-native-dialogs/CDVNotification.h"; sourceTree = "<group>"; };
		F840E1F0165FE0F500CFE078 /* config.xml */ = {isa = PBXFileReference; lastKnownFileType = text.xml; name = config.xml; path = MyApp/config.xml; sourceTree = "<group>"; };
/* End PBXFileReference section */

/* Begin PBXFrameworksBuildPhase section */
		1D60588F0D05DD3D006BFB54 /* Frameworks */ = {
			isa = PBXFrameworksBuildPhase;
			buildActionMask = 2147483647;
			files = (
				301BF552109A68D80062928A /* libCordova.a in Frameworks */,
				363E295560F4418A8E56B7BA /* AcuantMobileSDK.framework in Frameworks */,
				CAAD14D3C5C34EF78188DCBC /* libc++.dylib in Frameworks */,
				D48AD73F4DF344C19160E8AD /* libz.dylib in Frameworks */,
				49D5378D4B94497BB7E51461 /* libiconv.dylib in Frameworks */,
				807E4E22120F4C17A878BDB8 /* SystemConfiguration.framework in Frameworks */,
				A55990C7273C4ED08A1488C3 /* AudioToolbox.framework in Frameworks */,
				02EB07E5F0FE414E8B6EBA84 /* AVFoundation.framework in Frameworks */,
				136F527F1F50AAD700B0D98B /* MicroBlink.framework in Frameworks */,
				DE0AC9FEBEFF4B09AC02B174 /* CoreMedia.framework in Frameworks */,
				114D642CA1664450A0FF382A /* CoreVideo.framework in Frameworks */,
				B4675C0E81864AC98EF47BF6 /* QuartzCore.framework in Frameworks */,
				0373089FE3484C9F8AD5497D /* CoreMotion.framework in Frameworks */,
				136F52791F50AAB100B0D98B /* MicroBlink.framework in Frameworks */,
				43BF784FC1E54A25B0FD093B /* Accelerate.framework in Frameworks */,
				EE1E092668804609883E772B /* CoreText.framework in Frameworks */,
				EF924B663ABE4AAAA877154E /* CoreLocation.framework in Frameworks */,
				0096250F44D34762929E9C98 /* ImageIO.framework in Frameworks */,
				34879E8C4EEF428DA38C9D84 /* CoreTelephony.framework in Frameworks */,
			);
			runOnlyForDeploymentPostprocessing = 0;
		};
/* End PBXFrameworksBuildPhase section */

/* Begin PBXGroup section */
		080E96DDFE201D6D7F000001 /* Classes */ = {
			isa = PBXGroup;
			children = (
				302D95EE14D2391D003F00A1 /* MainViewController.h */,
				302D95EF14D2391D003F00A1 /* MainViewController.m */,
				302D95F014D2391D003F00A1 /* MainViewController.xib */,
				1D3623240D0F684500981E51 /* AppDelegate.h */,
				1D3623250D0F684500981E51 /* AppDelegate.m */,
			);
			name = Classes;
			path = MyApp/Classes;
			sourceTree = SOURCE_ROOT;
		};
		19C28FACFE9D520D11CA2CBB /* Products */ = {
			isa = PBXGroup;
			children = (
				1D6058910D05DD3D006BFB54 /* MyApp.app */,
			);
			name = Products;
			sourceTree = "<group>";
		};
		29B97314FDCFA39411CA2CEA /* CustomTemplate */ = {
			isa = PBXGroup;
			children = (
				EB87FDF41871DAF40020F90C /* config.xml */,
				EB87FDF31871DA8E0020F90C /* www */,
				EB87FDF11871DA420020F90C /* Staging */,
				301BF52D109A57CC0062928A /* CordovaLib/CordovaLib.xcodeproj */,
				080E96DDFE201D6D7F000001 /* Classes */,
				307C750510C5A3420062BCA9 /* Plugins */,
				29B97315FDCFA39411CA2CEA /* Other Sources */,
				29B97317FDCFA39411CA2CEA /* Resources */,
				29B97323FDCFA39411CA2CEA /* Frameworks */,
				19C28FACFE9D520D11CA2CBB /* Products */,
			);
			name = CustomTemplate;
			sourceTree = "<group>";
		};
		29B97315FDCFA39411CA2CEA /* Other Sources */ = {
			isa = PBXGroup;
			children = (
				32CA4F630368D1EE00C91783 /* MyApp-Prefix.pch */,
				29B97316FDCFA39411CA2CEA /* main.m */,
				ED33DF2A687741AEAF9F8254 /* Bridging-Header.h */,
			);
			name = "Other Sources";
			path = MyApp;
			sourceTree = "<group>";
		};
		29B97317FDCFA39411CA2CEA /* Resources */ = {
			isa = PBXGroup;
			children = (
				136F527D1F50AAC100B0D98B /* MicroBlink.bundle */,
				0207DA571B56EA530066E2B4 /* Images.xcassets */,
				3047A50E1AB8057F00498E2A /* config */,
				8D1107310486CEB800E47090 /* MyApp-Info.plist */,
				6AFF5BF81D6E424B00AB3073 /* CDVLaunchScreen.storyboard */,
				CD4C75A281BF404ABD220801 /* CDVNotification.bundle */,
			);
			name = Resources;
			path = MyApp/Resources;
			sourceTree = "<group>";
		};
		29B97323FDCFA39411CA2CEA /* Frameworks */ = {
			isa = PBXGroup;
			children = (
				136F52781F50AAB100B0D98B /* MicroBlink.framework */,
				B63287EE86FD4D89A18F717A /* AcuantMobileSDK.framework */,
				1889B0B9CB6C491EA3F8D877 /* libc++.dylib */,
				D4194F43B6514FDB90404B69 /* libz.dylib */,
				91140ABA1FB74E529E0C47A4 /* libiconv.dylib */,
				64EFF15AE56F47FD8FA3A88A /* SystemConfiguration.framework */,
				41E80F0DAB5B415FAE157831 /* AudioToolbox.framework */,
				79AB3A0FF3DF42CD9EEBF3B8 /* AVFoundation.framework */,
				6D858B0D47374703B55490A7 /* CoreMedia.framework */,
				CF2B54E4E2BE422086C5B990 /* CoreVideo.framework */,
				D23C4A06A8CE408EA9E7135C /* QuartzCore.framework */,
				BADDB635142D4632953C4C7E /* CoreMotion.framework */,
				9AFA265A9BC044F28C7C81F8 /* Accelerate.framework */,
				F066D168EC9D46A8895D17D2 /* CoreText.framework */,
				A65B120C677848369C62BFF3 /* CoreLocation.framework */,
				7431BA9FA4644263A25F2F7C /* ImageIO.framework */,
				4B338E7BA17B409783DF5339 /* CoreTelephony.framework */,
			);
			name = Frameworks;
			sourceTree = "<group>";
		};
		301BF52E109A57CC0062928A /* Products */ = {
			isa = PBXGroup;
			children = (
				301BF535109A57CC0062928A /* libCordova.a */,
				136F527C1F50AAB200B0D98B /* Cordova.framework */,
			);
			name = Products;
			sourceTree = "<group>";
		};
		3047A50E1AB8057F00498E2A /* config */ = {
			isa = PBXGroup;
			children = (
				3047A50F1AB8059700498E2A /* build-debug.xcconfig */,
				3047A5101AB8059700498E2A /* build-release.xcconfig */,
				3047A5111AB8059700498E2A /* build.xcconfig */,
			);
			name = config;
			sourceTree = "<group>";
		};
		307C750510C5A3420062BCA9 /* Plugins */ = {
			isa = PBXGroup;
			children = (
				C6EDBD1500A54F1FB781D7D9 /* AcuantMobileSDK.m */,
				1D50194E69B040A197F986D1 /* AcuantMobileSDK.h */,
				3FC4F22DF7FF4C49915B2D40 /* CDVLogger.m */,
				8858D2C3DA544A81A126AF11 /* CDVLogger.h */,
				5DD6383A6E794C498200E20B /* CDVDevice.m */,
				44FFE93845D947B4A3ED0604 /* CDVDevice.h */,
				5BEAF72F8B0C4C96865F20D1 /* CDVConnection.m */,
				7CC0368025AD4088B17D1FD7 /* CDVReachability.m */,
				56FCACA8EF0B4543B6E7237D /* CDVConnection.h */,
				16667A6CE66C47A0AF9A9684 /* CDVReachability.h */,
				BFDA3AA8C365441886EB7ADC /* CDVSplashScreen.m */,
				351F9A9FBDFD4B9AA971EE15 /* CDVViewController+SplashScreen.m */,
				BED3E88A51BC4E008407D651 /* CDVSplashScreen.h */,
				807AA1DEE14C42E5808A992D /* CDVViewController+SplashScreen.h */,
				B5BC8C16D9C44989B1D0A457 /* CDVStatusBar.m */,
				4D1CAA748BFE4E2794C2C433 /* CDVStatusBar.h */,
				A2115BBABD054AB48FE07F11 /* IonicKeyboard.m */,
				BE4842FD9A6E45DF92BA8C77 /* IonicKeyboard.h */,
				111C03878AD842AFBDD9D884 /* CDVNotification.m */,
				F58E8DB09343497FB32D1C17 /* CDVNotification.h */,
			);
			name = Plugins;
			path = MyApp/Plugins;
			sourceTree = SOURCE_ROOT;
		};
		EB87FDF11871DA420020F90C /* Staging */ = {
			isa = PBXGroup;
			children = (
				F840E1F0165FE0F500CFE078 /* config.xml */,
				301BF56E109A69640062928A /* www */,
			);
			name = Staging;
			sourceTree = "<group>";
		};
/* End PBXGroup section */

/* Begin PBXNativeTarget section */
		1D6058900D05DD3D006BFB54 /* MyApp */ = {
			isa = PBXNativeTarget;
			buildConfigurationList = 1D6058960D05DD3E006BFB54 /* Build configuration list for PBXNativeTarget "MyApp" */;
			buildPhases = (
				304B58A110DAC018002A0835 /* Copy www directory */,
				1D60588D0D05DD3D006BFB54 /* Resources */,
				1D60588E0D05DD3D006BFB54 /* Sources */,
				1D60588F0D05DD3D006BFB54 /* Frameworks */,
				136F52811F50AAD700B0D98B /* Embed Frameworks */,
			);
			buildRules = (
			);
			dependencies = (
				301BF551109A68C00062928A /* PBXTargetDependency */,
			);
			name = MyApp;
			productName = MyApp;
			productReference = 1D6058910D05DD3D006BFB54 /* MyApp.app */;
			productType = "com.apple.product-type.application";
		};
/* End PBXNativeTarget section */

/* Begin PBXProject section */
		29B97313FDCFA39411CA2CEA /* Project object */ = {
			isa = PBXProject;
			attributes = {
				LastUpgradeCheck = 510;
				TargetAttributes = {
					1D6058900D05DD3D006BFB54 = {
						DevelopmentTeam = E67326HC5Q;
					};
				};
			};
			buildConfigurationList = C01FCF4E08A954540054247B /* Build configuration list for PBXProject "MyApp" */;
			compatibilityVersion = "Xcode 3.2";
			developmentRegion = English;
			hasScannedForEncodings = 1;
			knownRegions = (
				en,
			);
			mainGroup = 29B97314FDCFA39411CA2CEA /* CustomTemplate */;
			projectDirPath = "";
			projectReferences = (
				{
					ProductGroup = 301BF52E109A57CC0062928A /* Products */;
					ProjectRef = 301BF52D109A57CC0062928A /* CordovaLib/CordovaLib.xcodeproj */;
				},
			);
			projectRoot = "";
			targets = (
				1D6058900D05DD3D006BFB54 /* MyApp */,
			);
		};
/* End PBXProject section */

/* Begin PBXReferenceProxy section */
		136F527C1F50AAB200B0D98B /* Cordova.framework */ = {
			isa = PBXReferenceProxy;
			fileType = wrapper.framework;
			path = Cordova.framework;
			remoteRef = 136F527B1F50AAB200B0D98B /* PBXContainerItemProxy */;
			sourceTree = BUILT_PRODUCTS_DIR;
		};
		301BF535109A57CC0062928A /* libCordova.a */ = {
			isa = PBXReferenceProxy;
			fileType = archive.ar;
			path = libCordova.a;
			remoteRef = 301BF534109A57CC0062928A /* PBXContainerItemProxy */;
			sourceTree = BUILT_PRODUCTS_DIR;
		};
/* End PBXReferenceProxy section */

/* Begin PBXResourcesBuildPhase section */
		1D60588D0D05DD3D006BFB54 /* Resources */ = {
			isa = PBXResourcesBuildPhase;
			buildActionMask = 2147483647;
			files = (
				136F527E1F50AAC100B0D98B /* MicroBlink.bundle in Resources */,
				302D95F214D2391D003F00A1 /* MainViewController.xib in Resources */,
				0207DA581B56EA530066E2B4 /* Images.xcassets in Resources */,
				6AFF5BF91D6E424B00AB3073 /* CDVLaunchScreen.storyboard in Resources */,
				3A0597FCC8324B768A5A9BFF /* CDVNotification.bundle in Resources */,
			);
			runOnlyForDeploymentPostprocessing = 0;
		};
/* End PBXResourcesBuildPhase section */

/* Begin PBXShellScriptBuildPhase section */
		304B58A110DAC018002A0835 /* Copy www directory */ = {
			isa = PBXShellScriptBuildPhase;
			buildActionMask = 2147483647;
			files = (
			);
			inputPaths = (
			);
			name = "Copy www directory";
			outputPaths = (
			);
			runOnlyForDeploymentPostprocessing = 0;
			shellPath = /bin/sh;
			shellScript = "NODEJS_PATH=/usr/local/bin; NVM_NODE_PATH=~/.nvm/versions/node/`nvm version 2>/dev/null`/bin; N_NODE_PATH=`find /usr/local/n/versions/node/* -maxdepth 0 -type d 2>/dev/null | tail -1`/bin; XCODE_NODE_PATH=`xcode-select --print-path`/usr/share/xcs/Node/bin; PATH=$NODEJS_PATH:$NVM_NODE_PATH:$N_NODE_PATH:$XCODE_NODE_PATH:$PATH && node cordova/lib/copy-www-build-step.js";
			showEnvVarsInLog = 0;
		};
/* End PBXShellScriptBuildPhase section */

/* Begin PBXSourcesBuildPhase section */
		1D60588E0D05DD3D006BFB54 /* Sources */ = {
			isa = PBXSourcesBuildPhase;
			buildActionMask = 2147483647;
			files = (
				1D60589B0D05DD56006BFB54 /* main.m in Sources */,
				1D3623260D0F684500981E51 /* AppDelegate.m in Sources */,
				302D95F114D2391D003F00A1 /* MainViewController.m in Sources */,
				88697C45A28047FD9B84806C /* AcuantMobileSDK.m in Sources */,
				86502F6928754E89ACD2DB98 /* CDVLogger.m in Sources */,
				54D83AD0D5414236B53F129D /* CDVDevice.m in Sources */,
				369F7026D69145ED985CE1AA /* CDVConnection.m in Sources */,
				2E1DA0878C474627BAE69143 /* CDVReachability.m in Sources */,
				9AC892A3A7424B4B98D86DE1 /* CDVSplashScreen.m in Sources */,
				B57A5092B6B44B5FBCE76B02 /* CDVViewController+SplashScreen.m in Sources */,
				A08A1FC268E34796ADFD3D36 /* CDVStatusBar.m in Sources */,
				48FE604F956247F2A480CD96 /* IonicKeyboard.m in Sources */,
				B8B31F9BA8E44D6CB4D5EF98 /* CDVNotification.m in Sources */,
			);
			runOnlyForDeploymentPostprocessing = 0;
		};
/* End PBXSourcesBuildPhase section */

/* Begin PBXTargetDependency section */
		301BF551109A68C00062928A /* PBXTargetDependency */ = {
			isa = PBXTargetDependency;
			name = CordovaLib;
			targetProxy = 301BF550109A68C00062928A /* PBXContainerItemProxy */;
		};
/* End PBXTargetDependency section */

/* Begin XCBuildConfiguration section */
		1D6058940D05DD3E006BFB54 /* Debug */ = {
			isa = XCBuildConfiguration;
			baseConfigurationReference = 3047A50F1AB8059700498E2A /* build-debug.xcconfig */;
			buildSettings = {
				ALWAYS_SEARCH_USER_PATHS = NO;
				ASSETCATALOG_COMPILER_APPICON_NAME = AppIcon;
				ASSETCATALOG_COMPILER_LAUNCHIMAGE_NAME = LaunchImage;
				CLANG_ENABLE_MODULES = YES;
				CLANG_ENABLE_OBJC_ARC = YES;
				COPY_PHASE_STRIP = NO;
				DEVELOPMENT_TEAM = E67326HC5Q;
				FRAMEWORK_SEARCH_PATHS = (
					"$(inherited)",
					MyApp/Plugins/com.acuant.plugin.AcuantMobileSDK,
					"$(PROJECT_DIR)",
				);
				GCC_DYNAMIC_NO_PIC = NO;
				GCC_OPTIMIZATION_LEVEL = 0;
				GCC_PRECOMPILE_PREFIX_HEADER = YES;
				GCC_PREFIX_HEADER = "MyApp/MyApp-Prefix.pch";
				GCC_THUMB_SUPPORT = NO;
				GCC_VERSION = "";
				INFOPLIST_FILE = "MyApp/MyApp-Info.plist";
				IPHONEOS_DEPLOYMENT_TARGET = 9.0;
				LD_RUNPATH_SEARCH_PATHS = "@executable_path/Frameworks";
				PRODUCT_NAME = MyApp;
				TARGETED_DEVICE_FAMILY = "1,2";
			};
			name = Debug;
		};
		1D6058950D05DD3E006BFB54 /* Release */ = {
			isa = XCBuildConfiguration;
			baseConfigurationReference = 3047A5101AB8059700498E2A /* build-release.xcconfig */;
			buildSettings = {
				ALWAYS_SEARCH_USER_PATHS = NO;
				ASSETCATALOG_COMPILER_APPICON_NAME = AppIcon;
				ASSETCATALOG_COMPILER_LAUNCHIMAGE_NAME = LaunchImage;
				CLANG_ENABLE_MODULES = YES;
				CLANG_ENABLE_OBJC_ARC = YES;
				COPY_PHASE_STRIP = YES;
				DEVELOPMENT_TEAM = E67326HC5Q;
				FRAMEWORK_SEARCH_PATHS = (
					"$(inherited)",
					MyApp/Plugins/com.acuant.plugin.AcuantMobileSDK,
					"$(PROJECT_DIR)",
				);
				GCC_PRECOMPILE_PREFIX_HEADER = YES;
				GCC_PREFIX_HEADER = "MyApp/MyApp-Prefix.pch";
				GCC_THUMB_SUPPORT = NO;
				GCC_VERSION = "";
				INFOPLIST_FILE = "MyApp/MyApp-Info.plist";
				IPHONEOS_DEPLOYMENT_TARGET = 9.0;
				LD_RUNPATH_SEARCH_PATHS = "@executable_path/Frameworks";
				PRODUCT_NAME = MyApp;
				TARGETED_DEVICE_FAMILY = "1,2";
			};
			name = Release;
		};
		C01FCF4F08A954540054247B /* Debug */ = {
			isa = XCBuildConfiguration;
			baseConfigurationReference = 3047A5111AB8059700498E2A /* build.xcconfig */;
			buildSettings = {
				ASSETCATALOG_COMPILER_LAUNCHIMAGE_NAME = LaunchImage;
				CLANG_ENABLE_MODULES = YES;
				CLANG_ENABLE_OBJC_ARC = YES;
				CLANG_WARN_BOOL_CONVERSION = YES;
				CLANG_WARN_CONSTANT_CONVERSION = YES;
				CLANG_WARN_EMPTY_BODY = YES;
				CLANG_WARN_ENUM_CONVERSION = YES;
				CLANG_WARN_INT_CONVERSION = YES;
				CLANG_WARN__DUPLICATE_METHOD_MATCH = YES;
				GCC_C_LANGUAGE_STANDARD = c99;
				GCC_THUMB_SUPPORT = NO;
				GCC_VERSION = "";
				GCC_WARN_ABOUT_RETURN_TYPE = YES;
				GCC_WARN_UNDECLARED_SELECTOR = YES;
				GCC_WARN_UNINITIALIZED_AUTOS = YES;
				GCC_WARN_UNUSED_FUNCTION = YES;
				GCC_WARN_UNUSED_VARIABLE = YES;
				ONLY_ACTIVE_ARCH = YES;
				SDKROOT = iphoneos;
				SKIP_INSTALL = NO;
			};
			name = Debug;
		};
		C01FCF5008A954540054247B /* Release */ = {
			isa = XCBuildConfiguration;
			baseConfigurationReference = 3047A5111AB8059700498E2A /* build.xcconfig */;
			buildSettings = {
				ASSETCATALOG_COMPILER_LAUNCHIMAGE_NAME = LaunchImage;
				CLANG_ENABLE_MODULES = YES;
				CLANG_ENABLE_OBJC_ARC = YES;
				CLANG_WARN_BOOL_CONVERSION = YES;
				CLANG_WARN_CONSTANT_CONVERSION = YES;
				CLANG_WARN_EMPTY_BODY = YES;
				CLANG_WARN_ENUM_CONVERSION = YES;
				CLANG_WARN_INT_CONVERSION = YES;
				CLANG_WARN__DUPLICATE_METHOD_MATCH = YES;
				GCC_C_LANGUAGE_STANDARD = c99;
				GCC_THUMB_SUPPORT = NO;
				GCC_VERSION = "";
				GCC_WARN_ABOUT_RETURN_TYPE = YES;
				GCC_WARN_UNDECLARED_SELECTOR = YES;
				GCC_WARN_UNINITIALIZED_AUTOS = YES;
				GCC_WARN_UNUSED_FUNCTION = YES;
				GCC_WARN_UNUSED_VARIABLE = YES;
				SDKROOT = iphoneos;
				SKIP_INSTALL = NO;
			};
			name = Release;
		};
/* End XCBuildConfiguration section */

/* Begin XCConfigurationList section */
		1D6058960D05DD3E006BFB54 /* Build configuration list for PBXNativeTarget "MyApp" */ = {
			isa = XCConfigurationList;
			buildConfigurations = (
				1D6058940D05DD3E006BFB54 /* Debug */,
				1D6058950D05DD3E006BFB54 /* Release */,
			);
			defaultConfigurationIsVisible = 0;
			defaultConfigurationName = Release;
		};
		C01FCF4E08A954540054247B /* Build configuration list for PBXProject "MyApp" */ = {
			isa = XCConfigurationList;
			buildConfigurations = (
				C01FCF4F08A954540054247B /* Debug */,
				C01FCF5008A954540054247B /* Release */,
			);
			defaultConfigurationIsVisible = 0;
			defaultConfigurationName = Release;
		};
/* End XCConfigurationList section */
	};
	rootObject = 29B97313FDCFA39411CA2CEA /* Project object */;
}
